// !$*UTF8*$!
{
	archiveVersion = 1;
	classes = {
	};
	objectVersion = 50;
	objects = {

/* Begin PBXBuildFile section */
		7A53B5F022013F0400F7E0BE /* AppDelegate.m in Sources */ = {isa = PBXBuildFile; fileRef = 7A53B5EF22013F0400F7E0BE /* AppDelegate.m */; };
		7A53B5F322013F0400F7E0BE /* ViewController.m in Sources */ = {isa = PBXBuildFile; fileRef = 7A53B5F222013F0400F7E0BE /* ViewController.m */; };
		7A53B5F622013F0400F7E0BE /* Main.storyboard in Resources */ = {isa = PBXBuildFile; fileRef = 7A53B5F422013F0400F7E0BE /* Main.storyboard */; };
		7A53B5F822013F0600F7E0BE /* Assets.xcassets in Resources */ = {isa = PBXBuildFile; fileRef = 7A53B5F722013F0600F7E0BE /* Assets.xcassets */; };
		7A53B5FB22013F0600F7E0BE /* LaunchScreen.storyboard in Resources */ = {isa = PBXBuildFile; fileRef = 7A53B5F922013F0600F7E0BE /* LaunchScreen.storyboard */; };
		7A53B5FE22013F0600F7E0BE /* main.m in Sources */ = {isa = PBXBuildFile; fileRef = 7A53B5FD22013F0600F7E0BE /* main.m */; };
		7A53B60722013F4F00F7E0BE /* HZCountDownButton.m in Sources */ = {isa = PBXBuildFile; fileRef = 7A53B60622013F4F00F7E0BE /* HZCountDownButton.m */; };
/* End PBXBuildFile section */

/* Begin PBXFileReference section */
		7A53B5EB22013F0400F7E0BE /* HZCountTimeButton.app */ = {isa = PBXFileReference; explicitFileType = wrapper.application; includeInIndex = 0; path = HZCountTimeButton.app; sourceTree = BUILT_PRODUCTS_DIR; };
		7A53B5EE22013F0400F7E0BE /* AppDelegate.h */ = {isa = PBXFileReference; lastKnownFileType = sourcecode.c.h; path = AppDelegate.h; sourceTree = "<group>"; };
		7A53B5EF22013F0400F7E0BE /* AppDelegate.m */ = {isa = PBXFileReference; lastKnownFileType = sourcecode.c.objc; path = AppDelegate.m; sourceTree = "<group>"; };
		7A53B5F122013F0400F7E0BE /* ViewController.h */ = {isa = PBXFileReference; lastKnownFileType = sourcecode.c.h; path = ViewController.h; sourceTree = "<group>"; };
		7A53B5F222013F0400F7E0BE /* ViewController.m */ = {isa = PBXFileReference; lastKnownFileType = sourcecode.c.objc; path = ViewController.m; sourceTree = "<group>"; };
		7A53B5F522013F0400F7E0BE /* Base */ = {isa = PBXFileReference; lastKnownFileType = file.storyboard; name = Base; path = Base.lproj/Main.storyboard; sourceTree = "<group>"; };
		7A53B5F722013F0600F7E0BE /* Assets.xcassets */ = {isa = PBXFileReference; lastKnownFileType = folder.assetcatalog; path = Assets.xcassets; sourceTree = "<group>"; };
		7A53B5FA22013F0600F7E0BE /* Base */ = {isa = PBXFileReference; lastKnownFileType = file.storyboard; name = Base; path = Base.lproj/LaunchScreen.storyboard; sourceTree = "<group>"; };
		7A53B5FC22013F0600F7E0BE /* Info.plist */ = {isa = PBXFileReference; lastKnownFileType = text.plist.xml; path = Info.plist; sourceTree = "<group>"; };
		7A53B5FD22013F0600F7E0BE /* main.m */ = {isa = PBXFileReference; lastKnownFileType = sourcecode.c.objc; path = main.m; sourceTree = "<group>"; };
		7A53B60522013F4400F7E0BE /* HZCountDownButton.h */ = {isa = PBXFileReference; lastKnownFileType = sourcecode.c.h; path = HZCountDownButton.h; sourceTree = "<group>"; };
		7A53B60622013F4F00F7E0BE /* HZCountDownButton.m */ = {isa = PBXFileReference; lastKnownFileType = sourcecode.c.objc; path = HZCountDownButton.m; sourceTree = "<group>"; };
/* End PBXFileReference section */

/* Begin PBXFrameworksBuildPhase section */
		7A53B5E822013F0400F7E0BE /* Frameworks */ = {
			isa = PBXFrameworksBuildPhase;
			buildActionMask = 2147483647;
			files = (
			);
			runOnlyForDeploymentPostprocessing = 0;
		};
/* End PBXFrameworksBuildPhase section */

/* Begin PBXGroup section */
		7A53B5E222013F0400F7E0BE = {
			isa = PBXGroup;
			children = (
				7A53B5ED22013F0400F7E0BE /* HZCountTimeButton */,
				7A53B5EC22013F0400F7E0BE /* Products */,
			);
			sourceTree = "<group>";
		};
		7A53B5EC22013F0400F7E0BE /* Products */ = {
			isa = PBXGroup;
			children = (
				7A53B5EB22013F0400F7E0BE /* HZCountTimeButton.app */,
			);
			name = Products;
			sourceTree = "<group>";
		};
		7A53B5ED22013F0400F7E0BE /* HZCountTimeButton */ = {
			isa = PBXGroup;
			children = (
				7A53B60422013F2500F7E0BE /* CountDown */,
				7A53B5EE22013F0400F7E0BE /* AppDelegate.h */,
				7A53B5EF22013F0400F7E0BE /* AppDelegate.m */,
				7A53B5F122013F0400F7E0BE /* ViewController.h */,
				7A53B5F222013F0400F7E0BE /* ViewController.m */,
				7A53B5F422013F0400F7E0BE /* Main.storyboard */,
				7A53B5F722013F0600F7E0BE /* Assets.xcassets */,
				7A53B5F922013F0600F7E0BE /* LaunchScreen.storyboard */,
				7A53B5FC22013F0600F7E0BE /* Info.plist */,
				7A53B5FD22013F0600F7E0BE /* main.m */,
			);
			path = HZCountTimeButton;
			sourceTree = "<group>";
		};
		7A53B60422013F2500F7E0BE /* CountDown */ = {
			isa = PBXGroup;
			children = (
				7A53B60522013F4400F7E0BE /* HZCountDownButton.h */,
				7A53B60622013F4F00F7E0BE /* HZCountDownButton.m */,
			);
			path = CountDown;
			sourceTree = "<group>";
		};
/* End PBXGroup section */

/* Begin PBXNativeTarget section */
		7A53B5EA22013F0400F7E0BE /* HZCountTimeButton */ = {
			isa = PBXNativeTarget;
			buildConfigurationList = 7A53B60122013F0600F7E0BE /* Build configuration list for PBXNativeTarget "HZCountTimeButton" */;
			buildPhases = (
				7A53B5E722013F0400F7E0BE /* Sources */,
				7A53B5E822013F0400F7E0BE /* Frameworks */,
				7A53B5E922013F0400F7E0BE /* Resources */,
			);
			buildRules = (
			);
			dependencies = (
			);
			name = HZCountTimeButton;
			productName = HZCountTimeButton;
			productReference = 7A53B5EB22013F0400F7E0BE /* HZCountTimeButton.app */;
			productType = "com.apple.product-type.application";
		};
/* End PBXNativeTarget section */

/* Begin PBXProject section */
		7A53B5E322013F0400F7E0BE /* Project object */ = {
			isa = PBXProject;
			attributes = {
				LastUpgradeCheck = 1010;
				ORGANIZATIONNAME = zenon;
				TargetAttributes = {
					7A53B5EA22013F0400F7E0BE = {
						CreatedOnToolsVersion = 10.1;
					};
				};
			};
			buildConfigurationList = 7A53B5E622013F0400F7E0BE /* Build configuration list for PBXProject "HZCountTimeButton" */;
			compatibilityVersion = "Xcode 9.3";
			developmentRegion = en;
			hasScannedForEncodings = 0;
			knownRegions = (
				en,
				Base,
			);
			mainGroup = 7A53B5E222013F0400F7E0BE;
			productRefGroup = 7A53B5EC22013F0400F7E0BE /* Products */;
			projectDirPath = "";
			projectRoot = "";
			targets = (
				7A53B5EA22013F0400F7E0BE /* HZCountTimeButton */,
			);
		};
/* End PBXProject section */

/* Begin PBXResourcesBuildPhase section */
		7A53B5E922013F0400F7E0BE /* Resources */ = {
			isa = PBXResourcesBuildPhase;
			buildActionMask = 2147483647;
			files = (
				7A53B5FB22013F0600F7E0BE /* LaunchScreen.storyboard in Resources */,
				7A53B5F822013F0600F7E0BE /* Assets.xcassets in Resources */,
				7A53B5F622013F0400F7E0BE /* Main.storyboard in Resources */,
			);
			runOnlyForDeploymentPostprocessing = 0;
		};
/* End PBXResourcesBuildPhase section */

/* Begin PBXSourcesBuildPhase section */
		7A53B5E722013F0400F7E0BE /* Sources */ = {
			isa = PBXSourcesBuildPhase;
			buildActionMask = 2147483647;
			files = (
				7A53B5F322013F0400F7E0BE /* ViewController.m in Sources */,
				7A53B60722013F4F00F7E0BE /* HZCountDownButton.m in Sources */,
				7A53B5FE22013F0600F7E0BE /* main.m in Sources */,
				7A53B5F022013F0400F7E0BE /* AppDelegate.m in Sources */,
			);
			runOnlyForDeploymentPostprocessing = 0;
		};
/* End PBXSourcesBuildPhase section */

/* Begin PBXVariantGroup section */
		7A53B5F422013F0400F7E0BE /* Main.storyboard */ = {
			isa = PBXVariantGroup;
			children = (
				7A53B5F522013F0400F7E0BE /* Base */,
			);
			name = Main.storyboard;
			sourceTree = "<group>";
		};
		7A53B5F922013F0600F7E0BE /* LaunchScreen.storyboard */ = {
			isa = PBXVariantGroup;
			children = (
				7A53B5FA22013F0600F7E0BE /* Base */,
			);
			name = LaunchScreen.storyboard;
			sourceTree = "<group>";
		};
/* End PBXVariantGroup section */

/* Begin XCBuildConfiguration section */
		7A53B5FF22013F0600F7E0BE /* Debug */ = {
			isa = XCBuildConfiguration;
			buildSettings = {
				ALWAYS_SEARCH_USER_PATHS = NO;
				CLANG_ANALYZER_NONNULL = YES;
				CLANG_ANALYZER_NUMBER_OBJECT_CONVERSION = YES_AGGRESSIVE;
				CLANG_CXX_LANGUAGE_STANDARD = "gnu++14";
				CLANG_CXX_LIBRARY = "libc++";
				CLANG_ENABLE_MODULES = YES;
				CLANG_ENABLE_OBJC_ARC = YES;
				CLANG_ENABLE_OBJC_WEAK = YES;
				CLANG_WARN_BLOCK_CAPTURE_AUTORELEASING = YES;
				CLANG_WARN_BOOL_CONVERSION = YES;
				CLANG_WARN_COMMA = YES;
				CLANG_WARN_CONSTANT_CONVERSION = YES;
				CLANG_WARN_DEPRECATED_OBJC_IMPLEMENTATIONS = YES;
				CLANG_WARN_DIRECT_OBJC_ISA_USAGE = YES_ERROR;
				CLANG_WARN_DOCUMENTATION_COMMENTS = YES;
				CLANG_WARN_EMPTY_BODY = YES;
				CLANG_WARN_ENUM_CONVERSION = YES;
				CLANG_WARN_INFINITE_RECURSION = YES;
				CLANG_WARN_INT_CONVERSION = YES;
				CLANG_WARN_NON_LITERAL_NULL_CONVERSION = YES;
				CLANG_WARN_OBJC_IMPLICIT_RETAIN_SELF = YES;
				CLANG_WARN_OBJC_LITERAL_CONVERSION = YES;
				CLANG_WARN_OBJC_ROOT_CLASS = YES_ERROR;
				CLANG_WARN_RANGE_LOOP_ANALYSIS = YES;
				CLANG_WARN_STRICT_PROTOTYPES = YES;
				CLANG_WARN_SUSPICIOUS_MOVE = YES;
				CLANG_WARN_UNGUARDED_AVAILABILITY = YES_AGGRESSIVE;
				CLANG_WARN_UNREACHABLE_CODE = YES;
				CLANG_WARN__DUPLICATE_METHOD_MATCH = YES;
				CODE_SIGN_IDENTITY = "iPhone Developer";
				COPY_PHASE_STRIP = NO;
				DEBUG_INFORMATION_FORMAT = dwarf;
				ENABLE_STRICT_OBJC_MSGSEND = YES;
				ENABLE_TESTABILITY = YES;
				GCC_C_LANGUAGE_STANDARD = gnu11;
				GCC_DYNAMIC_NO_PIC = NO;
				GCC_NO_COMMON_BLOCKS = YES;
				GCC_OPTIMIZATION_LEVEL = 0;
				GCC_PREPROCESSOR_DEFINITIONS = (
					"DEBUG=1",
					"$(inherited)",
				);
				GCC_WARN_64_TO_32_BIT_CONVERSION = YES;
				GCC_WARN_ABOUT_RETURN_TYPE = YES_ERROR;
				GCC_WARN_UNDECLARED_SELECTOR = YES;
				GCC_WARN_UNINITIALIZED_AUTOS = YES_AGGRESSIVE;
				GCC_WARN_UNUSED_FUNCTION = YES;
				GCC_WARN_UNUSED_VARIABLE = YES;
				IPHONEOS_DEPLOYMENT_TARGET = 12.1;
				MTL_ENABLE_DEBUG_INFO = INCLUDE_SOURCE;
				MTL_FAST_MATH = YES;
				ONLY_ACTIVE_ARCH = YES;
				SDKROOT = iphoneos;
			};
			name = Debug;
		};
		7A53B60022013F0600F7E0BE /* Release */ = {
			isa = XCBuildConfiguration;
			buildSettings = {
				ALWAYS_SEARCH_USER_PATHS = NO;
				CLANG_ANALYZER_NONNULL = YES;
				CLANG_ANALYZER_NUMBER_OBJECT_CONVERSION = YES_AGGRESSIVE;
				CLANG_CXX_LANGUAGE_STANDARD = "gnu++14";
				CLANG_CXX_LIBRARY = "libc++";
				CLANG_ENABLE_MODULES = YES;
				CLANG_ENABLE_OBJC_ARC = YES;
				CLANG_ENABLE_OBJC_WEAK = YES;
				CLANG_WARN_BLOCK_CAPTURE_AUTORELEASING = YES;
				CLANG_WARN_BOOL_CONVERSION = YES;
				CLANG_WARN_COMMA = YES;
				CLANG_WARN_CONSTANT_CONVERSION = YES;
				CLANG_WARN_DEPRECATED_OBJC_IMPLEMENTATIONS = YES;
				CLANG_WARN_DIRECT_OBJC_ISA_USAGE = YES_ERROR;
				CLANG_WARN_DOCUMENTATION_COMMENTS = YES;
				CLANG_WARN_EMPTY_BODY = YES;
				CLANG_WARN_ENUM_CONVERSION = YES;
				CLANG_WARN_INFINITE_RECURSION = YES;
				CLANG_WARN_INT_CONVERSION = YES;
				CLANG_WARN_NON_LITERAL_NULL_CONVERSION = YES;
				CLANG_WARN_OBJC_IMPLICIT_RETAIN_SELF = YES;
				CLANG_WARN_OBJC_LITERAL_CONVERSION = YES;
				CLANG_WARN_OBJC_ROOT_CLASS = YES_ERROR;
				CLANG_WARN_RANGE_LOOP_ANALYSIS = YES;
				CLANG_WARN_STRICT_PROTOTYPES = YES;
				CLANG_WARN_SUSPICIOUS_MOVE = YES;
				CLANG_WARN_UNGUARDED_AVAILABILITY = YES_AGGRESSIVE;
				CLANG_WARN_UNREACHABLE_CODE = YES;
				CLANG_WARN__DUPLICATE_METHOD_MATCH = YES;
				CODE_SIGN_IDENTITY = "iPhone Developer";
				COPY_PHASE_STRIP = NO;
				DEBUG_INFORMATION_FORMAT = "dwarf-with-dsym";
				ENABLE_NS_ASSERTIONS = NO;
				ENABLE_STRICT_OBJC_MSGSEND = YES;
				GCC_C_LANGUAGE_STANDARD = gnu11;
				GCC_NO_COMMON_BLOCKS = YES;
				GCC_WARN_64_TO_32_BIT_CONVERSION = YES;
				GCC_WARN_ABOUT_RETURN_TYPE = YES_ERROR;
				GCC_WARN_UNDECLARED_SELECTOR = YES;
				GCC_WARN_UNINITIALIZED_AUTOS = YES_AGGRESSIVE;
				GCC_WARN_UNUSED_FUNCTION = YES;
				GCC_WARN_UNUSED_VARIABLE = YES;
				IPHONEOS_DEPLOYMENT_TARGET = 12.1;
				MTL_ENABLE_DEBUG_INFO = NO;
				MTL_FAST_MATH = YES;
				SDKROOT = iphoneos;
				VALIDATE_PRODUCT = YES;
			};
			name = Release;
		};
		7A53B60222013F0600F7E0BE /* Debug */ = {
			isa = XCBuildConfiguration;
			buildSettings = {
				ASSETCATALOG_COMPILER_APPICON_NAME = AppIcon;
				CODE_SIGN_STYLE = Automatic;
				INFOPLIST_FILE = HZCountTimeButton/Info.plist;
				IPHONEOS_DEPLOYMENT_TARGET = 9.0;
				LD_RUNPATH_SEARCH_PATHS = (
					"$(inherited)",
					"@executable_path/Frameworks",
				);
				PRODUCT_BUNDLE_IDENTIFIER = com.zenon.HZCountTimeButton;
				PRODUCT_NAME = "$(TARGET_NAME)";
				TARGETED_DEVICE_FAMILY = "1,2";
			};
			name = Debug;
		};
		7A53B60322013F0600F7E0BE /* Release */ = {
			isa = XCBuildConfiguration;
			buildSettings = {
				ASSETCATALOG_COMPILER_APPICON_NAME = AppIcon;
				CODE_SIGN_STYLE = Automatic;
				INFOPLIST_FILE = HZCountTimeButton/Info.plist;
				IPHONEOS_DEPLOYMENT_TARGET = 9.0;
				LD_RUNPATH_SEARCH_PATHS = (
					"$(inherited)",
					"@executable_path/Frameworks",
				);
				PRODUCT_BUNDLE_IDENTIFIER = com.zenon.HZCountTimeButton;
				PRODUCT_NAME = "$(TARGET_NAME)";
				TARGETED_DEVICE_FAMILY = "1,2";
			};
			name = Release;
		};
/* End XCBuildConfiguration section */

/* Begin XCConfigurationList section */
		7A53B5E622013F0400F7E0BE /* Build configuration list for PBXProject "HZCountTimeButton" */ = {
			isa = XCConfigurationList;
			buildConfigurations = (
				7A53B5FF22013F0600F7E0BE /* Debug */,
				7A53B60022013F0600F7E0BE /* Release */,
			);
			defaultConfigurationIsVisible = 0;
			defaultConfigurationName = Release;
		};
		7A53B60122013F0600F7E0BE /* Build configuration list for PBXNativeTarget "HZCountTimeButton" */ = {
			isa = XCConfigurationList;
			buildConfigurations = (
				7A53B60222013F0600F7E0BE /* Debug */,
				7A53B60322013F0600F7E0BE /* Release */,
			);
			defaultConfigurationIsVisible = 0;
			defaultConfigurationName = Release;
		};
/* End XCConfigurationList section */
	};
	rootObject = 7A53B5E322013F0400F7E0BE /* Project object */;
}
