// !$*UTF8*$!
{
	archiveVersion = 1;
	classes = {
	};
	objectVersion = 46;
	objects = {

/* Begin PBXBuildFile section */
		255F283F1EBE093000A4377D /* main.m in Sources */ = {isa = PBXBuildFile; fileRef = 255F283E1EBE093000A4377D /* main.m */; };
		255F28421EBE093000A4377D /* AppDelegate.m in Sources */ = {isa = PBXBuildFile; fileRef = 255F28411EBE093000A4377D /* AppDelegate.m */; };
		255F28451EBE093000A4377D /* ViewController.m in Sources */ = {isa = PBXBuildFile; fileRef = 255F28441EBE093000A4377D /* ViewController.m */; };
		255F28481EBE093000A4377D /* Main.storyboard in Resources */ = {isa = PBXBuildFile; fileRef = 255F28461EBE093000A4377D /* Main.storyboard */; };
		255F284A1EBE093000A4377D /* Assets.xcassets in Resources */ = {isa = PBXBuildFile; fileRef = 255F28491EBE093000A4377D /* Assets.xcassets */; };
		255F284D1EBE093000A4377D /* LaunchScreen.storyboard in Resources */ = {isa = PBXBuildFile; fileRef = 255F284B1EBE093000A4377D /* LaunchScreen.storyboard */; };
		255F28561EBE0A2700A4377D /* HZBrowserViewController.m in Sources */ = {isa = PBXBuildFile; fileRef = 255F28551EBE0A2700A4377D /* HZBrowserViewController.m */; };
		255F28591EBE0A5300A4377D /* HZBrowserCell.m in Sources */ = {isa = PBXBuildFile; fileRef = 255F28581EBE0A5300A4377D /* HZBrowserCell.m */; };
		255F28761EBE0C6200A4377D /* Info.plist in Resources */ = {isa = PBXBuildFile; fileRef = 255F285C1EBE0C6200A4377D /* Info.plist */; };
		255F28771EBE0C6200A4377D /* MASCompositeConstraint.m in Sources */ = {isa = PBXBuildFile; fileRef = 255F285E1EBE0C6200A4377D /* MASCompositeConstraint.m */; };
		255F28781EBE0C6200A4377D /* MASConstraint.m in Sources */ = {isa = PBXBuildFile; fileRef = 255F28611EBE0C6200A4377D /* MASConstraint.m */; };
		255F28791EBE0C6200A4377D /* MASConstraintMaker.m in Sources */ = {isa = PBXBuildFile; fileRef = 255F28631EBE0C6200A4377D /* MASConstraintMaker.m */; };
		255F287A1EBE0C6200A4377D /* MASLayoutConstraint.m in Sources */ = {isa = PBXBuildFile; fileRef = 255F28651EBE0C6200A4377D /* MASLayoutConstraint.m */; };
		255F287B1EBE0C6200A4377D /* MASViewAttribute.m in Sources */ = {isa = PBXBuildFile; fileRef = 255F28691EBE0C6200A4377D /* MASViewAttribute.m */; };
		255F287C1EBE0C6200A4377D /* MASViewConstraint.m in Sources */ = {isa = PBXBuildFile; fileRef = 255F286B1EBE0C6200A4377D /* MASViewConstraint.m */; };
		255F287D1EBE0C6200A4377D /* NSArray+MASAdditions.m in Sources */ = {isa = PBXBuildFile; fileRef = 255F286D1EBE0C6200A4377D /* NSArray+MASAdditions.m */; };
		255F287E1EBE0C6200A4377D /* NSLayoutConstraint+MASDebugAdditions.m in Sources */ = {isa = PBXBuildFile; fileRef = 255F28701EBE0C6200A4377D /* NSLayoutConstraint+MASDebugAdditions.m */; };
		255F287F1EBE0C6200A4377D /* View+MASAdditions.m in Sources */ = {isa = PBXBuildFile; fileRef = 255F28721EBE0C6200A4377D /* View+MASAdditions.m */; };
		255F28801EBE0C6200A4377D /* ViewController+MASAdditions.m in Sources */ = {isa = PBXBuildFile; fileRef = 255F28751EBE0C6200A4377D /* ViewController+MASAdditions.m */; };
/* End PBXBuildFile section */

/* Begin PBXFileReference section */
		255F283A1EBE093000A4377D /* HZDragDropCollectionView.app */ = {isa = PBXFileReference; explicitFileType = wrapper.application; includeInIndex = 0; path = HZDragDropCollectionView.app; sourceTree = BUILT_PRODUCTS_DIR; };
		255F283E1EBE093000A4377D /* main.m */ = {isa = PBXFileReference; lastKnownFileType = sourcecode.c.objc; path = main.m; sourceTree = "<group>"; };
		255F28401EBE093000A4377D /* AppDelegate.h */ = {isa = PBXFileReference; lastKnownFileType = sourcecode.c.h; path = AppDelegate.h; sourceTree = "<group>"; };
		255F28411EBE093000A4377D /* AppDelegate.m */ = {isa = PBXFileReference; lastKnownFileType = sourcecode.c.objc; path = AppDelegate.m; sourceTree = "<group>"; };
		255F28431EBE093000A4377D /* ViewController.h */ = {isa = PBXFileReference; lastKnownFileType = sourcecode.c.h; path = ViewController.h; sourceTree = "<group>"; };
		255F28441EBE093000A4377D /* ViewController.m */ = {isa = PBXFileReference; lastKnownFileType = sourcecode.c.objc; path = ViewController.m; sourceTree = "<group>"; };
		255F28471EBE093000A4377D /* Base */ = {isa = PBXFileReference; lastKnownFileType = file.storyboard; name = Base; path = Base.lproj/Main.storyboard; sourceTree = "<group>"; };
		255F28491EBE093000A4377D /* Assets.xcassets */ = {isa = PBXFileReference; lastKnownFileType = folder.assetcatalog; path = Assets.xcassets; sourceTree = "<group>"; };
		255F284C1EBE093000A4377D /* Base */ = {isa = PBXFileReference; lastKnownFileType = file.storyboard; name = Base; path = Base.lproj/LaunchScreen.storyboard; sourceTree = "<group>"; };
		255F284E1EBE093000A4377D /* Info.plist */ = {isa = PBXFileReference; lastKnownFileType = text.plist.xml; path = Info.plist; sourceTree = "<group>"; };
		255F28541EBE0A2700A4377D /* HZBrowserViewController.h */ = {isa = PBXFileReference; fileEncoding = 4; lastKnownFileType = sourcecode.c.h; path = HZBrowserViewController.h; sourceTree = "<group>"; };
		255F28551EBE0A2700A4377D /* HZBrowserViewController.m */ = {isa = PBXFileReference; fileEncoding = 4; lastKnownFileType = sourcecode.c.objc; path = HZBrowserViewController.m; sourceTree = "<group>"; };
		255F28571EBE0A5300A4377D /* HZBrowserCell.h */ = {isa = PBXFileReference; fileEncoding = 4; lastKnownFileType = sourcecode.c.h; path = HZBrowserCell.h; sourceTree = "<group>"; };
		255F28581EBE0A5300A4377D /* HZBrowserCell.m */ = {isa = PBXFileReference; fileEncoding = 4; lastKnownFileType = sourcecode.c.objc; path = HZBrowserCell.m; sourceTree = "<group>"; };
		255F285C1EBE0C6200A4377D /* Info.plist */ = {isa = PBXFileReference; fileEncoding = 4; lastKnownFileType = text.plist.xml; path = Info.plist; sourceTree = "<group>"; };
		255F285D1EBE0C6200A4377D /* MASCompositeConstraint.h */ = {isa = PBXFileReference; fileEncoding = 4; lastKnownFileType = sourcecode.c.h; path = MASCompositeConstraint.h; sourceTree = "<group>"; };
		255F285E1EBE0C6200A4377D /* MASCompositeConstraint.m */ = {isa = PBXFileReference; fileEncoding = 4; lastKnownFileType = sourcecode.c.objc; path = MASCompositeConstraint.m; sourceTree = "<group>"; };
		255F285F1EBE0C6200A4377D /* MASConstraint+Private.h */ = {isa = PBXFileReference; fileEncoding = 4; lastKnownFileType = sourcecode.c.h; path = "MASConstraint+Private.h"; sourceTree = "<group>"; };
		255F28601EBE0C6200A4377D /* MASConstraint.h */ = {isa = PBXFileReference; fileEncoding = 4; lastKnownFileType = sourcecode.c.h; path = MASConstraint.h; sourceTree = "<group>"; };
		255F28611EBE0C6200A4377D /* MASConstraint.m */ = {isa = PBXFileReference; fileEncoding = 4; lastKnownFileType = sourcecode.c.objc; path = MASConstraint.m; sourceTree = "<group>"; };
		255F28621EBE0C6200A4377D /* MASConstraintMaker.h */ = {isa = PBXFileReference; fileEncoding = 4; lastKnownFileType = sourcecode.c.h; path = MASConstraintMaker.h; sourceTree = "<group>"; };
		255F28631EBE0C6200A4377D /* MASConstraintMaker.m */ = {isa = PBXFileReference; fileEncoding = 4; lastKnownFileType = sourcecode.c.objc; path = MASConstraintMaker.m; sourceTree = "<group>"; };
		255F28641EBE0C6200A4377D /* MASLayoutConstraint.h */ = {isa = PBXFileReference; fileEncoding = 4; lastKnownFileType = sourcecode.c.h; path = MASLayoutConstraint.h; sourceTree = "<group>"; };
		255F28651EBE0C6200A4377D /* MASLayoutConstraint.m */ = {isa = PBXFileReference; fileEncoding = 4; lastKnownFileType = sourcecode.c.objc; path = MASLayoutConstraint.m; sourceTree = "<group>"; };
		255F28661EBE0C6200A4377D /* Masonry.h */ = {isa = PBXFileReference; fileEncoding = 4; lastKnownFileType = sourcecode.c.h; path = Masonry.h; sourceTree = "<group>"; };
		255F28671EBE0C6200A4377D /* MASUtilities.h */ = {isa = PBXFileReference; fileEncoding = 4; lastKnownFileType = sourcecode.c.h; path = MASUtilities.h; sourceTree = "<group>"; };
		255F28681EBE0C6200A4377D /* MASViewAttribute.h */ = {isa = PBXFileReference; fileEncoding = 4; lastKnownFileType = sourcecode.c.h; path = MASViewAttribute.h; sourceTree = "<group>"; };
		255F28691EBE0C6200A4377D /* MASViewAttribute.m */ = {isa = PBXFileReference; fileEncoding = 4; lastKnownFileType = sourcecode.c.objc; path = MASViewAttribute.m; sourceTree = "<group>"; };
		255F286A1EBE0C6200A4377D /* MASViewConstraint.h */ = {isa = PBXFileReference; fileEncoding = 4; lastKnownFileType = sourcecode.c.h; path = MASViewConstraint.h; sourceTree = "<group>"; };
		255F286B1EBE0C6200A4377D /* MASViewConstraint.m */ = {isa = PBXFileReference; fileEncoding = 4; lastKnownFileType = sourcecode.c.objc; path = MASViewConstraint.m; sourceTree = "<group>"; };
		255F286C1EBE0C6200A4377D /* NSArray+MASAdditions.h */ = {isa = PBXFileReference; fileEncoding = 4; lastKnownFileType = sourcecode.c.h; path = "NSArray+MASAdditions.h"; sourceTree = "<group>"; };
		255F286D1EBE0C6200A4377D /* NSArray+MASAdditions.m */ = {isa = PBXFileReference; fileEncoding = 4; lastKnownFileType = sourcecode.c.objc; path = "NSArray+MASAdditions.m"; sourceTree = "<group>"; };
		255F286E1EBE0C6200A4377D /* NSArray+MASShorthandAdditions.h */ = {isa = PBXFileReference; fileEncoding = 4; lastKnownFileType = sourcecode.c.h; path = "NSArray+MASShorthandAdditions.h"; sourceTree = "<group>"; };
		255F286F1EBE0C6200A4377D /* NSLayoutConstraint+MASDebugAdditions.h */ = {isa = PBXFileReference; fileEncoding = 4; lastKnownFileType = sourcecode.c.h; path = "NSLayoutConstraint+MASDebugAdditions.h"; sourceTree = "<group>"; };
		255F28701EBE0C6200A4377D /* NSLayoutConstraint+MASDebugAdditions.m */ = {isa = PBXFileReference; fileEncoding = 4; lastKnownFileType = sourcecode.c.objc; path = "NSLayoutConstraint+MASDebugAdditions.m"; sourceTree = "<group>"; };
		255F28711EBE0C6200A4377D /* View+MASAdditions.h */ = {isa = PBXFileReference; fileEncoding = 4; lastKnownFileType = sourcecode.c.h; path = "View+MASAdditions.h"; sourceTree = "<group>"; };
		255F28721EBE0C6200A4377D /* View+MASAdditions.m */ = {isa = PBXFileReference; fileEncoding = 4; lastKnownFileType = sourcecode.c.objc; path = "View+MASAdditions.m"; sourceTree = "<group>"; };
		255F28731EBE0C6200A4377D /* View+MASShorthandAdditions.h */ = {isa = PBXFileReference; fileEncoding = 4; lastKnownFileType = sourcecode.c.h; path = "View+MASShorthandAdditions.h"; sourceTree = "<group>"; };
		255F28741EBE0C6200A4377D /* ViewController+MASAdditions.h */ = {isa = PBXFileReference; fileEncoding = 4; lastKnownFileType = sourcecode.c.h; path = "ViewController+MASAdditions.h"; sourceTree = "<group>"; };
		255F28751EBE0C6200A4377D /* ViewController+MASAdditions.m */ = {isa = PBXFileReference; fileEncoding = 4; lastKnownFileType = sourcecode.c.objc; path = "ViewController+MASAdditions.m"; sourceTree = "<group>"; };
/* End PBXFileReference section */

/* Begin PBXFrameworksBuildPhase section */
		255F28371EBE093000A4377D /* Frameworks */ = {
			isa = PBXFrameworksBuildPhase;
			buildActionMask = 2147483647;
			files = (
			);
			runOnlyForDeploymentPostprocessing = 0;
		};
/* End PBXFrameworksBuildPhase section */

/* Begin PBXGroup section */
		255F28311EBE093000A4377D = {
			isa = PBXGroup;
			children = (
				255F283C1EBE093000A4377D /* HZDragDropCollectionView */,
				255F283B1EBE093000A4377D /* Products */,
			);
			sourceTree = "<group>";
		};
		255F283B1EBE093000A4377D /* Products */ = {
			isa = PBXGroup;
			children = (
				255F283A1EBE093000A4377D /* HZDragDropCollectionView.app */,
			);
			name = Products;
			sourceTree = "<group>";
		};
		255F283C1EBE093000A4377D /* HZDragDropCollectionView */ = {
			isa = PBXGroup;
			children = (
				255F285B1EBE0C6200A4377D /* Masonry */,
				255F285A1EBE0BCE00A4377D /* Demo */,
				255F28401EBE093000A4377D /* AppDelegate.h */,
				255F28411EBE093000A4377D /* AppDelegate.m */,
				255F28431EBE093000A4377D /* ViewController.h */,
				255F28441EBE093000A4377D /* ViewController.m */,
				255F28461EBE093000A4377D /* Main.storyboard */,
				255F28491EBE093000A4377D /* Assets.xcassets */,
				255F284B1EBE093000A4377D /* LaunchScreen.storyboard */,
				255F284E1EBE093000A4377D /* Info.plist */,
				255F283D1EBE093000A4377D /* Supporting Files */,
			);
			path = HZDragDropCollectionView;
			sourceTree = "<group>";
		};
		255F283D1EBE093000A4377D /* Supporting Files */ = {
			isa = PBXGroup;
			children = (
				255F283E1EBE093000A4377D /* main.m */,
			);
			name = "Supporting Files";
			sourceTree = "<group>";
		};
		255F285A1EBE0BCE00A4377D /* Demo */ = {
			isa = PBXGroup;
			children = (
				255F28541EBE0A2700A4377D /* HZBrowserViewController.h */,
				255F28551EBE0A2700A4377D /* HZBrowserViewController.m */,
				255F28571EBE0A5300A4377D /* HZBrowserCell.h */,
				255F28581EBE0A5300A4377D /* HZBrowserCell.m */,
			);
			name = Demo;
			sourceTree = "<group>";
		};
		255F285B1EBE0C6200A4377D /* Masonry */ = {
			isa = PBXGroup;
			children = (
				255F285C1EBE0C6200A4377D /* Info.plist */,
				255F285D1EBE0C6200A4377D /* MASCompositeConstraint.h */,
				255F285E1EBE0C6200A4377D /* MASCompositeConstraint.m */,
				255F285F1EBE0C6200A4377D /* MASConstraint+Private.h */,
				255F28601EBE0C6200A4377D /* MASConstraint.h */,
				255F28611EBE0C6200A4377D /* MASConstraint.m */,
				255F28621EBE0C6200A4377D /* MASConstraintMaker.h */,
				255F28631EBE0C6200A4377D /* MASConstraintMaker.m */,
				255F28641EBE0C6200A4377D /* MASLayoutConstraint.h */,
				255F28651EBE0C6200A4377D /* MASLayoutConstraint.m */,
				255F28661EBE0C6200A4377D /* Masonry.h */,
				255F28671EBE0C6200A4377D /* MASUtilities.h */,
				255F28681EBE0C6200A4377D /* MASViewAttribute.h */,
				255F28691EBE0C6200A4377D /* MASViewAttribute.m */,
				255F286A1EBE0C6200A4377D /* MASViewConstraint.h */,
				255F286B1EBE0C6200A4377D /* MASViewConstraint.m */,
				255F286C1EBE0C6200A4377D /* NSArray+MASAdditions.h */,
				255F286D1EBE0C6200A4377D /* NSArray+MASAdditions.m */,
				255F286E1EBE0C6200A4377D /* NSArray+MASShorthandAdditions.h */,
				255F286F1EBE0C6200A4377D /* NSLayoutConstraint+MASDebugAdditions.h */,
				255F28701EBE0C6200A4377D /* NSLayoutConstraint+MASDebugAdditions.m */,
				255F28711EBE0C6200A4377D /* View+MASAdditions.h */,
				255F28721EBE0C6200A4377D /* View+MASAdditions.m */,
				255F28731EBE0C6200A4377D /* View+MASShorthandAdditions.h */,
				255F28741EBE0C6200A4377D /* ViewController+MASAdditions.h */,
				255F28751EBE0C6200A4377D /* ViewController+MASAdditions.m */,
			);
			path = Masonry;
			sourceTree = "<group>";
		};
/* End PBXGroup section */

/* Begin PBXNativeTarget section */
		255F28391EBE093000A4377D /* HZDragDropCollectionView */ = {
			isa = PBXNativeTarget;
			buildConfigurationList = 255F28511EBE093000A4377D /* Build configuration list for PBXNativeTarget "HZDragDropCollectionView" */;
			buildPhases = (
				255F28361EBE093000A4377D /* Sources */,
				255F28371EBE093000A4377D /* Frameworks */,
				255F28381EBE093000A4377D /* Resources */,
			);
			buildRules = (
			);
			dependencies = (
			);
			name = HZDragDropCollectionView;
			productName = HZDragDropCollectionView;
			productReference = 255F283A1EBE093000A4377D /* HZDragDropCollectionView.app */;
			productType = "com.apple.product-type.application";
		};
/* End PBXNativeTarget section */

/* Begin PBXProject section */
		255F28321EBE093000A4377D /* Project object */ = {
			isa = PBXProject;
			attributes = {
				LastUpgradeCheck = 0830;
				ORGANIZATIONNAME = zzgo;
				TargetAttributes = {
					255F28391EBE093000A4377D = {
						CreatedOnToolsVersion = 8.3.2;
						ProvisioningStyle = Automatic;
					};
				};
			};
			buildConfigurationList = 255F28351EBE093000A4377D /* Build configuration list for PBXProject "HZDragDropCollectionView" */;
			compatibilityVersion = "Xcode 3.2";
			developmentRegion = English;
			hasScannedForEncodings = 0;
			knownRegions = (
				en,
				Base,
			);
			mainGroup = 255F28311EBE093000A4377D;
			productRefGroup = 255F283B1EBE093000A4377D /* Products */;
			projectDirPath = "";
			projectRoot = "";
			targets = (
				255F28391EBE093000A4377D /* HZDragDropCollectionView */,
			);
		};
/* End PBXProject section */

/* Begin PBXResourcesBuildPhase section */
		255F28381EBE093000A4377D /* Resources */ = {
			isa = PBXResourcesBuildPhase;
			buildActionMask = 2147483647;
			files = (
				255F28761EBE0C6200A4377D /* Info.plist in Resources */,
				255F284D1EBE093000A4377D /* LaunchScreen.storyboard in Resources */,
				255F284A1EBE093000A4377D /* Assets.xcassets in Resources */,
				255F28481EBE093000A4377D /* Main.storyboard in Resources */,
			);
			runOnlyForDeploymentPostprocessing = 0;
		};
/* End PBXResourcesBuildPhase section */

/* Begin PBXSourcesBuildPhase section */
		255F28361EBE093000A4377D /* Sources */ = {
			isa = PBXSourcesBuildPhase;
			buildActionMask = 2147483647;
			files = (
				255F287E1EBE0C6200A4377D /* NSLayoutConstraint+MASDebugAdditions.m in Sources */,
				255F28451EBE093000A4377D /* ViewController.m in Sources */,
				255F287C1EBE0C6200A4377D /* MASViewConstraint.m in Sources */,
				255F28591EBE0A5300A4377D /* HZBrowserCell.m in Sources */,
				255F28561EBE0A2700A4377D /* HZBrowserViewController.m in Sources */,
				255F28421EBE093000A4377D /* AppDelegate.m in Sources */,
				255F287F1EBE0C6200A4377D /* View+MASAdditions.m in Sources */,
				255F28771EBE0C6200A4377D /* MASCompositeConstraint.m in Sources */,
				255F287B1EBE0C6200A4377D /* MASViewAttribute.m in Sources */,
				255F28791EBE0C6200A4377D /* MASConstraintMaker.m in Sources */,
				255F287D1EBE0C6200A4377D /* NSArray+MASAdditions.m in Sources */,
				255F28801EBE0C6200A4377D /* ViewController+MASAdditions.m in Sources */,
				255F28781EBE0C6200A4377D /* MASConstraint.m in Sources */,
				255F287A1EBE0C6200A4377D /* MASLayoutConstraint.m in Sources */,
				255F283F1EBE093000A4377D /* main.m in Sources */,
			);
			runOnlyForDeploymentPostprocessing = 0;
		};
/* End PBXSourcesBuildPhase section */

/* Begin PBXVariantGroup section */
		255F28461EBE093000A4377D /* Main.storyboard */ = {
			isa = PBXVariantGroup;
			children = (
				255F28471EBE093000A4377D /* Base */,
			);
			name = Main.storyboard;
			sourceTree = "<group>";
		};
		255F284B1EBE093000A4377D /* LaunchScreen.storyboard */ = {
			isa = PBXVariantGroup;
			children = (
				255F284C1EBE093000A4377D /* Base */,
			);
			name = LaunchScreen.storyboard;
			sourceTree = "<group>";
		};
/* End PBXVariantGroup section */

/* Begin XCBuildConfiguration section */
		255F284F1EBE093000A4377D /* Debug */ = {
			isa = XCBuildConfiguration;
			buildSettings = {
				ALWAYS_SEARCH_USER_PATHS = NO;
				CLANG_ANALYZER_NONNULL = YES;
				CLANG_ANALYZER_NUMBER_OBJECT_CONVERSION = YES_AGGRESSIVE;
				CLANG_CXX_LANGUAGE_STANDARD = "gnu++0x";
				CLANG_CXX_LIBRARY = "libc++";
				CLANG_ENABLE_MODULES = YES;
				CLANG_ENABLE_OBJC_ARC = YES;
				CLANG_WARN_BOOL_CONVERSION = YES;
				CLANG_WARN_CONSTANT_CONVERSION = YES;
				CLANG_WARN_DIRECT_OBJC_ISA_USAGE = YES_ERROR;
				CLANG_WARN_DOCUMENTATION_COMMENTS = YES;
				CLANG_WARN_EMPTY_BODY = YES;
				CLANG_WARN_ENUM_CONVERSION = YES;
				CLANG_WARN_INFINITE_RECURSION = YES;
				CLANG_WARN_INT_CONVERSION = YES;
				CLANG_WARN_OBJC_ROOT_CLASS = YES_ERROR;
				CLANG_WARN_SUSPICIOUS_MOVE = YES;
				CLANG_WARN_UNREACHABLE_CODE = YES;
				CLANG_WARN__DUPLICATE_METHOD_MATCH = YES;
				"CODE_SIGN_IDENTITY[sdk=iphoneos*]" = "iPhone Developer";
				COPY_PHASE_STRIP = NO;
				DEBUG_INFORMATION_FORMAT = dwarf;
				ENABLE_STRICT_OBJC_MSGSEND = YES;
				ENABLE_TESTABILITY = YES;
				GCC_C_LANGUAGE_STANDARD = gnu99;
				GCC_DYNAMIC_NO_PIC = NO;
				GCC_NO_COMMON_BLOCKS = YES;
				GCC_OPTIMIZATION_LEVEL = 0;
				GCC_PREPROCESSOR_DEFINITIONS = (
					"DEBUG=1",
					"$(inherited)",
				);
				GCC_WARN_64_TO_32_BIT_CONVERSION = YES;
				GCC_WARN_ABOUT_RETURN_TYPE = YES_ERROR;
				GCC_WARN_UNDECLARED_SELECTOR = YES;
				GCC_WARN_UNINITIALIZED_AUTOS = YES_AGGRESSIVE;
				GCC_WARN_UNUSED_FUNCTION = YES;
				GCC_WARN_UNUSED_VARIABLE = YES;
				IPHONEOS_DEPLOYMENT_TARGET = 10.3;
				MTL_ENABLE_DEBUG_INFO = YES;
				ONLY_ACTIVE_ARCH = YES;
				SDKROOT = iphoneos;
			};
			name = Debug;
		};
		255F28501EBE093000A4377D /* Release */ = {
			isa = XCBuildConfiguration;
			buildSettings = {
				ALWAYS_SEARCH_USER_PATHS = NO;
				CLANG_ANALYZER_NONNULL = YES;
				CLANG_ANALYZER_NUMBER_OBJECT_CONVERSION = YES_AGGRESSIVE;
				CLANG_CXX_LANGUAGE_STANDARD = "gnu++0x";
				CLANG_CXX_LIBRARY = "libc++";
				CLANG_ENABLE_MODULES = YES;
				CLANG_ENABLE_OBJC_ARC = YES;
				CLANG_WARN_BOOL_CONVERSION = YES;
				CLANG_WARN_CONSTANT_CONVERSION = YES;
				CLANG_WARN_DIRECT_OBJC_ISA_USAGE = YES_ERROR;
				CLANG_WARN_DOCUMENTATION_COMMENTS = YES;
				CLANG_WARN_EMPTY_BODY = YES;
				CLANG_WARN_ENUM_CONVERSION = YES;
				CLANG_WARN_INFINITE_RECURSION = YES;
				CLANG_WARN_INT_CONVERSION = YES;
				CLANG_WARN_OBJC_ROOT_CLASS = YES_ERROR;
				CLANG_WARN_SUSPICIOUS_MOVE = YES;
				CLANG_WARN_UNREACHABLE_CODE = YES;
				CLANG_WARN__DUPLICATE_METHOD_MATCH = YES;
				"CODE_SIGN_IDENTITY[sdk=iphoneos*]" = "iPhone Developer";
				COPY_PHASE_STRIP = NO;
				DEBUG_INFORMATION_FORMAT = "dwarf-with-dsym";
				ENABLE_NS_ASSERTIONS = NO;
				ENABLE_STRICT_OBJC_MSGSEND = YES;
				GCC_C_LANGUAGE_STANDARD = gnu99;
				GCC_NO_COMMON_BLOCKS = YES;
				GCC_WARN_64_TO_32_BIT_CONVERSION = YES;
				GCC_WARN_ABOUT_RETURN_TYPE = YES_ERROR;
				GCC_WARN_UNDECLARED_SELECTOR = YES;
				GCC_WARN_UNINITIALIZED_AUTOS = YES_AGGRESSIVE;
				GCC_WARN_UNUSED_FUNCTION = YES;
				GCC_WARN_UNUSED_VARIABLE = YES;
				IPHONEOS_DEPLOYMENT_TARGET = 10.3;
				MTL_ENABLE_DEBUG_INFO = NO;
				SDKROOT = iphoneos;
				VALIDATE_PRODUCT = YES;
			};
			name = Release;
		};
		255F28521EBE093000A4377D /* Debug */ = {
			isa = XCBuildConfiguration;
			buildSettings = {
				ASSETCATALOG_COMPILER_APPICON_NAME = AppIcon;
				INFOPLIST_FILE = HZDragDropCollectionView/Info.plist;
				LD_RUNPATH_SEARCH_PATHS = "$(inherited) @executable_path/Frameworks";
				PRODUCT_BUNDLE_IDENTIFIER = com.zzgo.HZDragDropCollectionView;
				PRODUCT_NAME = "$(TARGET_NAME)";
			};
			name = Debug;
		};
		255F28531EBE093000A4377D /* Release */ = {
			isa = XCBuildConfiguration;
			buildSettings = {
				ASSETCATALOG_COMPILER_APPICON_NAME = AppIcon;
				INFOPLIST_FILE = HZDragDropCollectionView/Info.plist;
				LD_RUNPATH_SEARCH_PATHS = "$(inherited) @executable_path/Frameworks";
				PRODUCT_BUNDLE_IDENTIFIER = com.zzgo.HZDragDropCollectionView;
				PRODUCT_NAME = "$(TARGET_NAME)";
			};
			name = Release;
		};
/* End XCBuildConfiguration section */

/* Begin XCConfigurationList section */
		255F28351EBE093000A4377D /* Build configuration list for PBXProject "HZDragDropCollectionView" */ = {
			isa = XCConfigurationList;
			buildConfigurations = (
				255F284F1EBE093000A4377D /* Debug */,
				255F28501EBE093000A4377D /* Release */,
			);
			defaultConfigurationIsVisible = 0;
			defaultConfigurationName = Release;
		};
		255F28511EBE093000A4377D /* Build configuration list for PBXNativeTarget "HZDragDropCollectionView" */ = {
			isa = XCConfigurationList;
			buildConfigurations = (
				255F28521EBE093000A4377D /* Debug */,
				255F28531EBE093000A4377D /* Release */,
			);
			defaultConfigurationIsVisible = 0;
			defaultConfigurationName = Release;
		};
/* End XCConfigurationList section */
	};
	rootObject = 255F28321EBE093000A4377D /* Project object */;
}
