// !$*UTF8*$!
{
	archiveVersion = 1;
	classes = {
	};
	objectVersion = 46;
	objects = {

/* Begin PBXBuildFile section */
		25245BD11CF7402D00AECF2D /* HZTransitionViewController.m in Sources */ = {isa = PBXBuildFile; fileRef = 25245BD01CF7402D00AECF2D /* HZTransitionViewController.m */; };
		25245BF11CF740D900AECF2D /* UIButton+HZAlignment.m in Sources */ = {isa = PBXBuildFile; fileRef = 25245BD61CF740D900AECF2D /* UIButton+HZAlignment.m */; };
		25245BF21CF740D900AECF2D /* UIButton+ZZButton.m in Sources */ = {isa = PBXBuildFile; fileRef = 25245BD81CF740D900AECF2D /* UIButton+ZZButton.m */; };
		25245BF31CF740D900AECF2D /* UIColor+HZExtension.m in Sources */ = {isa = PBXBuildFile; fileRef = 25245BDB1CF740D900AECF2D /* UIColor+HZExtension.m */; };
		25245BF41CF740D900AECF2D /* UIImageView+HZResponse.m in Sources */ = {isa = PBXBuildFile; fileRef = 25245BDE1CF740D900AECF2D /* UIImageView+HZResponse.m */; };
		25245BF51CF740D900AECF2D /* UILabel+HZExtension.m in Sources */ = {isa = PBXBuildFile; fileRef = 25245BE11CF740D900AECF2D /* UILabel+HZExtension.m */; };
		25245BF61CF740D900AECF2D /* LKBadgeView.m in Sources */ = {isa = PBXBuildFile; fileRef = 25245BE51CF740D900AECF2D /* LKBadgeView.m */; };
		25245BF71CF740D900AECF2D /* UIView+Extension.m in Sources */ = {isa = PBXBuildFile; fileRef = 25245BE71CF740D900AECF2D /* UIView+Extension.m */; };
		25245BF81CF740D900AECF2D /* UIView+HZBadgeView.m in Sources */ = {isa = PBXBuildFile; fileRef = 25245BE91CF740D900AECF2D /* UIView+HZBadgeView.m */; };
		25245BFB1CF740D900AECF2D /* UIViewController+Swizzled.m in Sources */ = {isa = PBXBuildFile; fileRef = 25245BF01CF740D900AECF2D /* UIViewController+Swizzled.m */; };
		25245BFE1CF7468700AECF2D /* HZSecondViewController.m in Sources */ = {isa = PBXBuildFile; fileRef = 25245BFD1CF7468700AECF2D /* HZSecondViewController.m */; };
		25245C021CF74B4A00AECF2D /* HZTransitionFromFirstToSecond.m in Sources */ = {isa = PBXBuildFile; fileRef = 25245C011CF74B4A00AECF2D /* HZTransitionFromFirstToSecond.m */; };
		25245C051CF74DC500AECF2D /* HZTransitionFromSecondToFirst.m in Sources */ = {isa = PBXBuildFile; fileRef = 25245C041CF74DC500AECF2D /* HZTransitionFromSecondToFirst.m */; };
		400886FB1CF5CDB200459DE2 /* main.m in Sources */ = {isa = PBXBuildFile; fileRef = 400886FA1CF5CDB200459DE2 /* main.m */; };
		400886FE1CF5CDB200459DE2 /* AppDelegate.m in Sources */ = {isa = PBXBuildFile; fileRef = 400886FD1CF5CDB200459DE2 /* AppDelegate.m */; };
		400887011CF5CDB200459DE2 /* ViewController.m in Sources */ = {isa = PBXBuildFile; fileRef = 400887001CF5CDB200459DE2 /* ViewController.m */; };
		400887041CF5CDB200459DE2 /* Main.storyboard in Resources */ = {isa = PBXBuildFile; fileRef = 400887021CF5CDB200459DE2 /* Main.storyboard */; };
		400887061CF5CDB200459DE2 /* Assets.xcassets in Resources */ = {isa = PBXBuildFile; fileRef = 400887051CF5CDB200459DE2 /* Assets.xcassets */; };
		400887091CF5CDB200459DE2 /* LaunchScreen.storyboard in Resources */ = {isa = PBXBuildFile; fileRef = 400887071CF5CDB200459DE2 /* LaunchScreen.storyboard */; };
		400887141CF5CDB200459DE2 /* TransitionTests.m in Sources */ = {isa = PBXBuildFile; fileRef = 400887131CF5CDB200459DE2 /* TransitionTests.m */; };
		4008871F1CF5CDB200459DE2 /* TransitionUITests.m in Sources */ = {isa = PBXBuildFile; fileRef = 4008871E1CF5CDB200459DE2 /* TransitionUITests.m */; };
		4008872E1CF5CDDA00459DE2 /* SeccondViewController.m in Sources */ = {isa = PBXBuildFile; fileRef = 4008872D1CF5CDDA00459DE2 /* SeccondViewController.m */; };
		400887311CF5CE0100459DE2 /* PushTransition.m in Sources */ = {isa = PBXBuildFile; fileRef = 400887301CF5CE0100459DE2 /* PushTransition.m */; };
		400887331CF5CEBF00459DE2 /* wuyanzu.jpg in Resources */ = {isa = PBXBuildFile; fileRef = 400887321CF5CEBF00459DE2 /* wuyanzu.jpg */; };
		400887391CF5E25400459DE2 /* PopTransiton.m in Sources */ = {isa = PBXBuildFile; fileRef = 400887381CF5E25400459DE2 /* PopTransiton.m */; };
		40F969A31CF67FF100772EE0 /* mojiezuo.jpg in Resources */ = {isa = PBXBuildFile; fileRef = 40F969A21CF67FF100772EE0 /* mojiezuo.jpg */; };
		40F969AA1CF6804400772EE0 /* TransitionFromSecondToFirst.m in Sources */ = {isa = PBXBuildFile; fileRef = 40F969A71CF6804400772EE0 /* TransitionFromSecondToFirst.m */; };
		40F969AB1CF6804400772EE0 /* TransitionFromFirstToSecond.m in Sources */ = {isa = PBXBuildFile; fileRef = 40F969A91CF6804400772EE0 /* TransitionFromFirstToSecond.m */; };
		40F969B01CF6807100772EE0 /* QQViewController.m in Sources */ = {isa = PBXBuildFile; fileRef = 40F969AD1CF6807100772EE0 /* QQViewController.m */; };
		40F969B11CF6807100772EE0 /* QQSecondViewController.m in Sources */ = {isa = PBXBuildFile; fileRef = 40F969AF1CF6807100772EE0 /* QQSecondViewController.m */; };
		40F969B41CF682C100772EE0 /* ListTableViewController.m in Sources */ = {isa = PBXBuildFile; fileRef = 40F969B31CF682C100772EE0 /* ListTableViewController.m */; };
		40F969B71CF729F500772EE0 /* PushTransitionTest.m in Sources */ = {isa = PBXBuildFile; fileRef = 40F969B61CF729F500772EE0 /* PushTransitionTest.m */; };
/* End PBXBuildFile section */

/* Begin PBXContainerItemProxy section */
		400887101CF5CDB200459DE2 /* PBXContainerItemProxy */ = {
			isa = PBXContainerItemProxy;
			containerPortal = 400886EE1CF5CDB200459DE2 /* Project object */;
			proxyType = 1;
			remoteGlobalIDString = 400886F51CF5CDB200459DE2;
			remoteInfo = Transition;
		};
		4008871B1CF5CDB200459DE2 /* PBXContainerItemProxy */ = {
			isa = PBXContainerItemProxy;
			containerPortal = 400886EE1CF5CDB200459DE2 /* Project object */;
			proxyType = 1;
			remoteGlobalIDString = 400886F51CF5CDB200459DE2;
			remoteInfo = Transition;
		};
/* End PBXContainerItemProxy section */

/* Begin PBXFileReference section */
		25245BCF1CF7401A00AECF2D /* HZTransitionViewController.h */ = {isa = PBXFileReference; lastKnownFileType = sourcecode.c.h; path = HZTransitionViewController.h; sourceTree = "<group>"; };
		25245BD01CF7402D00AECF2D /* HZTransitionViewController.m */ = {isa = PBXFileReference; fileEncoding = 4; lastKnownFileType = sourcecode.c.objc; path = HZTransitionViewController.m; sourceTree = "<group>"; };
		25245BD31CF740D900AECF2D /* HZUIKit.h */ = {isa = PBXFileReference; fileEncoding = 4; lastKnownFileType = sourcecode.c.h; path = HZUIKit.h; sourceTree = "<group>"; };
		25245BD51CF740D900AECF2D /* UIButton+HZAlignment.h */ = {isa = PBXFileReference; fileEncoding = 4; lastKnownFileType = sourcecode.c.h; path = "UIButton+HZAlignment.h"; sourceTree = "<group>"; };
		25245BD61CF740D900AECF2D /* UIButton+HZAlignment.m */ = {isa = PBXFileReference; fileEncoding = 4; lastKnownFileType = sourcecode.c.objc; path = "UIButton+HZAlignment.m"; sourceTree = "<group>"; };
		25245BD71CF740D900AECF2D /* UIButton+ZZButton.h */ = {isa = PBXFileReference; fileEncoding = 4; lastKnownFileType = sourcecode.c.h; path = "UIButton+ZZButton.h"; sourceTree = "<group>"; };
		25245BD81CF740D900AECF2D /* UIButton+ZZButton.m */ = {isa = PBXFileReference; fileEncoding = 4; lastKnownFileType = sourcecode.c.objc; path = "UIButton+ZZButton.m"; sourceTree = "<group>"; };
		25245BDA1CF740D900AECF2D /* UIColor+HZExtension.h */ = {isa = PBXFileReference; fileEncoding = 4; lastKnownFileType = sourcecode.c.h; path = "UIColor+HZExtension.h"; sourceTree = "<group>"; };
		25245BDB1CF740D900AECF2D /* UIColor+HZExtension.m */ = {isa = PBXFileReference; fileEncoding = 4; lastKnownFileType = sourcecode.c.objc; path = "UIColor+HZExtension.m"; sourceTree = "<group>"; };
		25245BDD1CF740D900AECF2D /* UIImageView+HZResponse.h */ = {isa = PBXFileReference; fileEncoding = 4; lastKnownFileType = sourcecode.c.h; path = "UIImageView+HZResponse.h"; sourceTree = "<group>"; };
		25245BDE1CF740D900AECF2D /* UIImageView+HZResponse.m */ = {isa = PBXFileReference; fileEncoding = 4; lastKnownFileType = sourcecode.c.objc; path = "UIImageView+HZResponse.m"; sourceTree = "<group>"; };
		25245BE01CF740D900AECF2D /* UILabel+HZExtension.h */ = {isa = PBXFileReference; fileEncoding = 4; lastKnownFileType = sourcecode.c.h; path = "UILabel+HZExtension.h"; sourceTree = "<group>"; };
		25245BE11CF740D900AECF2D /* UILabel+HZExtension.m */ = {isa = PBXFileReference; fileEncoding = 4; lastKnownFileType = sourcecode.c.objc; path = "UILabel+HZExtension.m"; sourceTree = "<group>"; };
		25245BE41CF740D900AECF2D /* LKBadgeView.h */ = {isa = PBXFileReference; fileEncoding = 4; lastKnownFileType = sourcecode.c.h; path = LKBadgeView.h; sourceTree = "<group>"; };
		25245BE51CF740D900AECF2D /* LKBadgeView.m */ = {isa = PBXFileReference; fileEncoding = 4; lastKnownFileType = sourcecode.c.objc; path = LKBadgeView.m; sourceTree = "<group>"; };
		25245BE61CF740D900AECF2D /* UIView+Extension.h */ = {isa = PBXFileReference; fileEncoding = 4; lastKnownFileType = sourcecode.c.h; path = "UIView+Extension.h"; sourceTree = "<group>"; };
		25245BE71CF740D900AECF2D /* UIView+Extension.m */ = {isa = PBXFileReference; fileEncoding = 4; lastKnownFileType = sourcecode.c.objc; path = "UIView+Extension.m"; sourceTree = "<group>"; };
		25245BE81CF740D900AECF2D /* UIView+HZBadgeView.h */ = {isa = PBXFileReference; fileEncoding = 4; lastKnownFileType = sourcecode.c.h; path = "UIView+HZBadgeView.h"; sourceTree = "<group>"; };
		25245BE91CF740D900AECF2D /* UIView+HZBadgeView.m */ = {isa = PBXFileReference; fileEncoding = 4; lastKnownFileType = sourcecode.c.objc; path = "UIView+HZBadgeView.m"; sourceTree = "<group>"; };
		25245BEF1CF740D900AECF2D /* UIViewController+Swizzled.h */ = {isa = PBXFileReference; fileEncoding = 4; lastKnownFileType = sourcecode.c.h; path = "UIViewController+Swizzled.h"; sourceTree = "<group>"; };
		25245BF01CF740D900AECF2D /* UIViewController+Swizzled.m */ = {isa = PBXFileReference; fileEncoding = 4; lastKnownFileType = sourcecode.c.objc; path = "UIViewController+Swizzled.m"; sourceTree = "<group>"; };
		25245BFC1CF7467600AECF2D /* HZSecondViewController.h */ = {isa = PBXFileReference; lastKnownFileType = sourcecode.c.h; path = HZSecondViewController.h; sourceTree = "<group>"; };
		25245BFD1CF7468700AECF2D /* HZSecondViewController.m */ = {isa = PBXFileReference; fileEncoding = 4; lastKnownFileType = sourcecode.c.objc; path = HZSecondViewController.m; sourceTree = "<group>"; };
		25245C001CF74B4A00AECF2D /* HZTransitionFromFirstToSecond.h */ = {isa = PBXFileReference; fileEncoding = 4; lastKnownFileType = sourcecode.c.h; path = HZTransitionFromFirstToSecond.h; sourceTree = "<group>"; };
		25245C011CF74B4A00AECF2D /* HZTransitionFromFirstToSecond.m */ = {isa = PBXFileReference; fileEncoding = 4; lastKnownFileType = sourcecode.c.objc; path = HZTransitionFromFirstToSecond.m; sourceTree = "<group>"; };
		25245C031CF74DC500AECF2D /* HZTransitionFromSecondToFirst.h */ = {isa = PBXFileReference; fileEncoding = 4; lastKnownFileType = sourcecode.c.h; path = HZTransitionFromSecondToFirst.h; sourceTree = "<group>"; };
		25245C041CF74DC500AECF2D /* HZTransitionFromSecondToFirst.m */ = {isa = PBXFileReference; fileEncoding = 4; lastKnownFileType = sourcecode.c.objc; path = HZTransitionFromSecondToFirst.m; sourceTree = "<group>"; };
		400886F61CF5CDB200459DE2 /* Transition.app */ = {isa = PBXFileReference; explicitFileType = wrapper.application; includeInIndex = 0; path = Transition.app; sourceTree = BUILT_PRODUCTS_DIR; };
		400886FA1CF5CDB200459DE2 /* main.m */ = {isa = PBXFileReference; lastKnownFileType = sourcecode.c.objc; path = main.m; sourceTree = "<group>"; };
		400886FC1CF5CDB200459DE2 /* AppDelegate.h */ = {isa = PBXFileReference; lastKnownFileType = sourcecode.c.h; path = AppDelegate.h; sourceTree = "<group>"; };
		400886FD1CF5CDB200459DE2 /* AppDelegate.m */ = {isa = PBXFileReference; lastKnownFileType = sourcecode.c.objc; path = AppDelegate.m; sourceTree = "<group>"; };
		400886FF1CF5CDB200459DE2 /* ViewController.h */ = {isa = PBXFileReference; lastKnownFileType = sourcecode.c.h; path = ViewController.h; sourceTree = "<group>"; };
		400887001CF5CDB200459DE2 /* ViewController.m */ = {isa = PBXFileReference; lastKnownFileType = sourcecode.c.objc; path = ViewController.m; sourceTree = "<group>"; };
		400887031CF5CDB200459DE2 /* Base */ = {isa = PBXFileReference; lastKnownFileType = file.storyboard; name = Base; path = Base.lproj/Main.storyboard; sourceTree = "<group>"; };
		400887051CF5CDB200459DE2 /* Assets.xcassets */ = {isa = PBXFileReference; lastKnownFileType = folder.assetcatalog; path = Assets.xcassets; sourceTree = "<group>"; };
		400887081CF5CDB200459DE2 /* Base */ = {isa = PBXFileReference; lastKnownFileType = file.storyboard; name = Base; path = Base.lproj/LaunchScreen.storyboard; sourceTree = "<group>"; };
		4008870A1CF5CDB200459DE2 /* Info.plist */ = {isa = PBXFileReference; lastKnownFileType = text.plist.xml; path = Info.plist; sourceTree = "<group>"; };
		4008870F1CF5CDB200459DE2 /* TransitionTests.xctest */ = {isa = PBXFileReference; explicitFileType = wrapper.cfbundle; includeInIndex = 0; path = TransitionTests.xctest; sourceTree = BUILT_PRODUCTS_DIR; };
		400887131CF5CDB200459DE2 /* TransitionTests.m */ = {isa = PBXFileReference; lastKnownFileType = sourcecode.c.objc; path = TransitionTests.m; sourceTree = "<group>"; };
		400887151CF5CDB200459DE2 /* Info.plist */ = {isa = PBXFileReference; lastKnownFileType = text.plist.xml; path = Info.plist; sourceTree = "<group>"; };
		4008871A1CF5CDB200459DE2 /* TransitionUITests.xctest */ = {isa = PBXFileReference; explicitFileType = wrapper.cfbundle; includeInIndex = 0; path = TransitionUITests.xctest; sourceTree = BUILT_PRODUCTS_DIR; };
		4008871E1CF5CDB200459DE2 /* TransitionUITests.m */ = {isa = PBXFileReference; lastKnownFileType = sourcecode.c.objc; path = TransitionUITests.m; sourceTree = "<group>"; };
		400887201CF5CDB200459DE2 /* Info.plist */ = {isa = PBXFileReference; lastKnownFileType = text.plist.xml; path = Info.plist; sourceTree = "<group>"; };
		4008872C1CF5CDDA00459DE2 /* SeccondViewController.h */ = {isa = PBXFileReference; fileEncoding = 4; lastKnownFileType = sourcecode.c.h; path = SeccondViewController.h; sourceTree = "<group>"; };
		4008872D1CF5CDDA00459DE2 /* SeccondViewController.m */ = {isa = PBXFileReference; fileEncoding = 4; lastKnownFileType = sourcecode.c.objc; path = SeccondViewController.m; sourceTree = "<group>"; };
		4008872F1CF5CE0100459DE2 /* PushTransition.h */ = {isa = PBXFileReference; fileEncoding = 4; lastKnownFileType = sourcecode.c.h; path = PushTransition.h; sourceTree = "<group>"; };
		400887301CF5CE0100459DE2 /* PushTransition.m */ = {isa = PBXFileReference; fileEncoding = 4; lastKnownFileType = sourcecode.c.objc; path = PushTransition.m; sourceTree = "<group>"; };
		400887321CF5CEBF00459DE2 /* wuyanzu.jpg */ = {isa = PBXFileReference; lastKnownFileType = image.jpeg; path = wuyanzu.jpg; sourceTree = "<group>"; };
		400887371CF5E25400459DE2 /* PopTransiton.h */ = {isa = PBXFileReference; fileEncoding = 4; lastKnownFileType = sourcecode.c.h; path = PopTransiton.h; sourceTree = "<group>"; };
		400887381CF5E25400459DE2 /* PopTransiton.m */ = {isa = PBXFileReference; fileEncoding = 4; lastKnownFileType = sourcecode.c.objc; path = PopTransiton.m; sourceTree = "<group>"; };
		40F969A21CF67FF100772EE0 /* mojiezuo.jpg */ = {isa = PBXFileReference; lastKnownFileType = image.jpeg; path = mojiezuo.jpg; sourceTree = "<group>"; };
		40F969A61CF6804400772EE0 /* TransitionFromSecondToFirst.h */ = {isa = PBXFileReference; fileEncoding = 4; lastKnownFileType = sourcecode.c.h; path = TransitionFromSecondToFirst.h; sourceTree = "<group>"; };
		40F969A71CF6804400772EE0 /* TransitionFromSecondToFirst.m */ = {isa = PBXFileReference; fileEncoding = 4; lastKnownFileType = sourcecode.c.objc; path = TransitionFromSecondToFirst.m; sourceTree = "<group>"; };
		40F969A81CF6804400772EE0 /* TransitionFromFirstToSecond.h */ = {isa = PBXFileReference; fileEncoding = 4; lastKnownFileType = sourcecode.c.h; path = TransitionFromFirstToSecond.h; sourceTree = "<group>"; };
		40F969A91CF6804400772EE0 /* TransitionFromFirstToSecond.m */ = {isa = PBXFileReference; fileEncoding = 4; lastKnownFileType = sourcecode.c.objc; path = TransitionFromFirstToSecond.m; sourceTree = "<group>"; };
		40F969AC1CF6807100772EE0 /* QQViewController.h */ = {isa = PBXFileReference; fileEncoding = 4; lastKnownFileType = sourcecode.c.h; path = QQViewController.h; sourceTree = "<group>"; };
		40F969AD1CF6807100772EE0 /* QQViewController.m */ = {isa = PBXFileReference; fileEncoding = 4; lastKnownFileType = sourcecode.c.objc; path = QQViewController.m; sourceTree = "<group>"; };
		40F969AE1CF6807100772EE0 /* QQSecondViewController.h */ = {isa = PBXFileReference; fileEncoding = 4; lastKnownFileType = sourcecode.c.h; path = QQSecondViewController.h; sourceTree = "<group>"; };
		40F969AF1CF6807100772EE0 /* QQSecondViewController.m */ = {isa = PBXFileReference; fileEncoding = 4; lastKnownFileType = sourcecode.c.objc; path = QQSecondViewController.m; sourceTree = "<group>"; };
		40F969B21CF682C100772EE0 /* ListTableViewController.h */ = {isa = PBXFileReference; fileEncoding = 4; lastKnownFileType = sourcecode.c.h; path = ListTableViewController.h; sourceTree = "<group>"; };
		40F969B31CF682C100772EE0 /* ListTableViewController.m */ = {isa = PBXFileReference; fileEncoding = 4; lastKnownFileType = sourcecode.c.objc; path = ListTableViewController.m; sourceTree = "<group>"; };
		40F969B51CF729F500772EE0 /* PushTransitionTest.h */ = {isa = PBXFileReference; fileEncoding = 4; lastKnownFileType = sourcecode.c.h; path = PushTransitionTest.h; sourceTree = "<group>"; };
		40F969B61CF729F500772EE0 /* PushTransitionTest.m */ = {isa = PBXFileReference; fileEncoding = 4; lastKnownFileType = sourcecode.c.objc; path = PushTransitionTest.m; sourceTree = "<group>"; };
/* End PBXFileReference section */

/* Begin PBXFrameworksBuildPhase section */
		400886F31CF5CDB200459DE2 /* Frameworks */ = {
			isa = PBXFrameworksBuildPhase;
			buildActionMask = 2147483647;
			files = (
			);
			runOnlyForDeploymentPostprocessing = 0;
		};
		4008870C1CF5CDB200459DE2 /* Frameworks */ = {
			isa = PBXFrameworksBuildPhase;
			buildActionMask = 2147483647;
			files = (
			);
			runOnlyForDeploymentPostprocessing = 0;
		};
		400887171CF5CDB200459DE2 /* Frameworks */ = {
			isa = PBXFrameworksBuildPhase;
			buildActionMask = 2147483647;
			files = (
			);
			runOnlyForDeploymentPostprocessing = 0;
		};
/* End PBXFrameworksBuildPhase section */

/* Begin PBXGroup section */
		25245BD21CF740D900AECF2D /* UIKit */ = {
			isa = PBXGroup;
			children = (
				25245BD31CF740D900AECF2D /* HZUIKit.h */,
				25245BD41CF740D900AECF2D /* UIButton */,
				25245BD91CF740D900AECF2D /* UIColor */,
				25245BDC1CF740D900AECF2D /* UIImageView */,
				25245BDF1CF740D900AECF2D /* UILabel */,
				25245BE21CF740D900AECF2D /* UIView */,
				25245BEC1CF740D900AECF2D /* UIViewController */,
			);
			path = UIKit;
			sourceTree = "<group>";
		};
		25245BD41CF740D900AECF2D /* UIButton */ = {
			isa = PBXGroup;
			children = (
				25245BD51CF740D900AECF2D /* UIButton+HZAlignment.h */,
				25245BD61CF740D900AECF2D /* UIButton+HZAlignment.m */,
				25245BD71CF740D900AECF2D /* UIButton+ZZButton.h */,
				25245BD81CF740D900AECF2D /* UIButton+ZZButton.m */,
			);
			path = UIButton;
			sourceTree = "<group>";
		};
		25245BD91CF740D900AECF2D /* UIColor */ = {
			isa = PBXGroup;
			children = (
				25245BDA1CF740D900AECF2D /* UIColor+HZExtension.h */,
				25245BDB1CF740D900AECF2D /* UIColor+HZExtension.m */,
			);
			path = UIColor;
			sourceTree = "<group>";
		};
		25245BDC1CF740D900AECF2D /* UIImageView */ = {
			isa = PBXGroup;
			children = (
				25245BDD1CF740D900AECF2D /* UIImageView+HZResponse.h */,
				25245BDE1CF740D900AECF2D /* UIImageView+HZResponse.m */,
			);
			path = UIImageView;
			sourceTree = "<group>";
		};
		25245BDF1CF740D900AECF2D /* UILabel */ = {
			isa = PBXGroup;
			children = (
				25245BE01CF740D900AECF2D /* UILabel+HZExtension.h */,
				25245BE11CF740D900AECF2D /* UILabel+HZExtension.m */,
			);
			path = UILabel;
			sourceTree = "<group>";
		};
		25245BE21CF740D900AECF2D /* UIView */ = {
			isa = PBXGroup;
			children = (
				25245BE31CF740D900AECF2D /* LKBadgeView */,
				25245BE61CF740D900AECF2D /* UIView+Extension.h */,
				25245BE71CF740D900AECF2D /* UIView+Extension.m */,
				25245BE81CF740D900AECF2D /* UIView+HZBadgeView.h */,
				25245BE91CF740D900AECF2D /* UIView+HZBadgeView.m */,
			);
			path = UIView;
			sourceTree = "<group>";
		};
		25245BE31CF740D900AECF2D /* LKBadgeView */ = {
			isa = PBXGroup;
			children = (
				25245BE41CF740D900AECF2D /* LKBadgeView.h */,
				25245BE51CF740D900AECF2D /* LKBadgeView.m */,
			);
			path = LKBadgeView;
			sourceTree = "<group>";
		};
		25245BEC1CF740D900AECF2D /* UIViewController */ = {
			isa = PBXGroup;
			children = (
				25245BEF1CF740D900AECF2D /* UIViewController+Swizzled.h */,
				25245BF01CF740D900AECF2D /* UIViewController+Swizzled.m */,
			);
			path = UIViewController;
			sourceTree = "<group>";
		};
		25245BFF1CF74AE600AECF2D /* HZTransition */ = {
			isa = PBXGroup;
			children = (
				25245C031CF74DC500AECF2D /* HZTransitionFromSecondToFirst.h */,
				25245C041CF74DC500AECF2D /* HZTransitionFromSecondToFirst.m */,
				25245C001CF74B4A00AECF2D /* HZTransitionFromFirstToSecond.h */,
				25245C011CF74B4A00AECF2D /* HZTransitionFromFirstToSecond.m */,
			);
			name = HZTransition;
			sourceTree = "<group>";
		};
		400886ED1CF5CDB200459DE2 = {
			isa = PBXGroup;
			children = (
				400886F81CF5CDB200459DE2 /* Transition */,
				400887121CF5CDB200459DE2 /* TransitionTests */,
				4008871D1CF5CDB200459DE2 /* TransitionUITests */,
				400886F71CF5CDB200459DE2 /* Products */,
			);
			sourceTree = "<group>";
		};
		400886F71CF5CDB200459DE2 /* Products */ = {
			isa = PBXGroup;
			children = (
				400886F61CF5CDB200459DE2 /* Transition.app */,
				4008870F1CF5CDB200459DE2 /* TransitionTests.xctest */,
				4008871A1CF5CDB200459DE2 /* TransitionUITests.xctest */,
			);
			name = Products;
			sourceTree = "<group>";
		};
		400886F81CF5CDB200459DE2 /* Transition */ = {
			isa = PBXGroup;
			children = (
				25245BFF1CF74AE600AECF2D /* HZTransition */,
				25245BD21CF740D900AECF2D /* UIKit */,
				40F969A51CF6800400772EE0 /* Transition */,
				40F969A41CF67FFC00772EE0 /* Controller */,
				40F969A21CF67FF100772EE0 /* mojiezuo.jpg */,
				400887321CF5CEBF00459DE2 /* wuyanzu.jpg */,
				400886FC1CF5CDB200459DE2 /* AppDelegate.h */,
				400886FD1CF5CDB200459DE2 /* AppDelegate.m */,
				400887021CF5CDB200459DE2 /* Main.storyboard */,
				400887051CF5CDB200459DE2 /* Assets.xcassets */,
				400887071CF5CDB200459DE2 /* LaunchScreen.storyboard */,
				4008870A1CF5CDB200459DE2 /* Info.plist */,
				400886F91CF5CDB200459DE2 /* Supporting Files */,
			);
			path = Transition;
			sourceTree = "<group>";
		};
		400886F91CF5CDB200459DE2 /* Supporting Files */ = {
			isa = PBXGroup;
			children = (
				400886FA1CF5CDB200459DE2 /* main.m */,
			);
			name = "Supporting Files";
			sourceTree = "<group>";
		};
		400887121CF5CDB200459DE2 /* TransitionTests */ = {
			isa = PBXGroup;
			children = (
				400887131CF5CDB200459DE2 /* TransitionTests.m */,
				400887151CF5CDB200459DE2 /* Info.plist */,
			);
			path = TransitionTests;
			sourceTree = "<group>";
		};
		4008871D1CF5CDB200459DE2 /* TransitionUITests */ = {
			isa = PBXGroup;
			children = (
				4008871E1CF5CDB200459DE2 /* TransitionUITests.m */,
				400887201CF5CDB200459DE2 /* Info.plist */,
			);
			path = TransitionUITests;
			sourceTree = "<group>";
		};
		40F969A41CF67FFC00772EE0 /* Controller */ = {
			isa = PBXGroup;
			children = (
				400886FF1CF5CDB200459DE2 /* ViewController.h */,
				400887001CF5CDB200459DE2 /* ViewController.m */,
				4008872C1CF5CDDA00459DE2 /* SeccondViewController.h */,
				4008872D1CF5CDDA00459DE2 /* SeccondViewController.m */,
				40F969AC1CF6807100772EE0 /* QQViewController.h */,
				40F969AD1CF6807100772EE0 /* QQViewController.m */,
				40F969AE1CF6807100772EE0 /* QQSecondViewController.h */,
				40F969AF1CF6807100772EE0 /* QQSecondViewController.m */,
				40F969B21CF682C100772EE0 /* ListTableViewController.h */,
				40F969B31CF682C100772EE0 /* ListTableViewController.m */,
				25245BCF1CF7401A00AECF2D /* HZTransitionViewController.h */,
				25245BD01CF7402D00AECF2D /* HZTransitionViewController.m */,
				25245BFC1CF7467600AECF2D /* HZSecondViewController.h */,
				25245BFD1CF7468700AECF2D /* HZSecondViewController.m */,
			);
			name = Controller;
			sourceTree = "<group>";
		};
		40F969A51CF6800400772EE0 /* Transition */ = {
			isa = PBXGroup;
			children = (
				400887371CF5E25400459DE2 /* PopTransiton.h */,
				400887381CF5E25400459DE2 /* PopTransiton.m */,
				4008872F1CF5CE0100459DE2 /* PushTransition.h */,
				400887301CF5CE0100459DE2 /* PushTransition.m */,
				40F969A61CF6804400772EE0 /* TransitionFromSecondToFirst.h */,
				40F969A71CF6804400772EE0 /* TransitionFromSecondToFirst.m */,
				40F969A81CF6804400772EE0 /* TransitionFromFirstToSecond.h */,
				40F969A91CF6804400772EE0 /* TransitionFromFirstToSecond.m */,
				40F969B51CF729F500772EE0 /* PushTransitionTest.h */,
				40F969B61CF729F500772EE0 /* PushTransitionTest.m */,
			);
			name = Transition;
			sourceTree = "<group>";
		};
/* End PBXGroup section */

/* Begin PBXNativeTarget section */
		400886F51CF5CDB200459DE2 /* Transition */ = {
			isa = PBXNativeTarget;
			buildConfigurationList = 400887231CF5CDB200459DE2 /* Build configuration list for PBXNativeTarget "Transition" */;
			buildPhases = (
				400886F21CF5CDB200459DE2 /* Sources */,
				400886F31CF5CDB200459DE2 /* Frameworks */,
				400886F41CF5CDB200459DE2 /* Resources */,
			);
			buildRules = (
			);
			dependencies = (
			);
			name = Transition;
			productName = Transition;
			productReference = 400886F61CF5CDB200459DE2 /* Transition.app */;
			productType = "com.apple.product-type.application";
		};
		4008870E1CF5CDB200459DE2 /* TransitionTests */ = {
			isa = PBXNativeTarget;
			buildConfigurationList = 400887261CF5CDB200459DE2 /* Build configuration list for PBXNativeTarget "TransitionTests" */;
			buildPhases = (
				4008870B1CF5CDB200459DE2 /* Sources */,
				4008870C1CF5CDB200459DE2 /* Frameworks */,
				4008870D1CF5CDB200459DE2 /* Resources */,
			);
			buildRules = (
			);
			dependencies = (
				400887111CF5CDB200459DE2 /* PBXTargetDependency */,
			);
			name = TransitionTests;
			productName = TransitionTests;
			productReference = 4008870F1CF5CDB200459DE2 /* TransitionTests.xctest */;
			productType = "com.apple.product-type.bundle.unit-test";
		};
		400887191CF5CDB200459DE2 /* TransitionUITests */ = {
			isa = PBXNativeTarget;
			buildConfigurationList = 400887291CF5CDB200459DE2 /* Build configuration list for PBXNativeTarget "TransitionUITests" */;
			buildPhases = (
				400887161CF5CDB200459DE2 /* Sources */,
				400887171CF5CDB200459DE2 /* Frameworks */,
				400887181CF5CDB200459DE2 /* Resources */,
			);
			buildRules = (
			);
			dependencies = (
				4008871C1CF5CDB200459DE2 /* PBXTargetDependency */,
			);
			name = TransitionUITests;
			productName = TransitionUITests;
			productReference = 4008871A1CF5CDB200459DE2 /* TransitionUITests.xctest */;
			productType = "com.apple.product-type.bundle.ui-testing";
		};
/* End PBXNativeTarget section */

/* Begin PBXProject section */
		400886EE1CF5CDB200459DE2 /* Project object */ = {
			isa = PBXProject;
			attributes = {
				LastUpgradeCheck = 0800;
				ORGANIZATIONNAME = "臧其龙";
				TargetAttributes = {
					400886F51CF5CDB200459DE2 = {
						CreatedOnToolsVersion = 7.3;
					};
					4008870E1CF5CDB200459DE2 = {
						CreatedOnToolsVersion = 7.3;
						TestTargetID = 400886F51CF5CDB200459DE2;
					};
					400887191CF5CDB200459DE2 = {
						CreatedOnToolsVersion = 7.3;
						TestTargetID = 400886F51CF5CDB200459DE2;
					};
				};
			};
			buildConfigurationList = 400886F11CF5CDB200459DE2 /* Build configuration list for PBXProject "Transition" */;
			compatibilityVersion = "Xcode 3.2";
			developmentRegion = English;
			hasScannedForEncodings = 0;
			knownRegions = (
				en,
				Base,
			);
			mainGroup = 400886ED1CF5CDB200459DE2;
			productRefGroup = 400886F71CF5CDB200459DE2 /* Products */;
			projectDirPath = "";
			projectRoot = "";
			targets = (
				400886F51CF5CDB200459DE2 /* Transition */,
				4008870E1CF5CDB200459DE2 /* TransitionTests */,
				400887191CF5CDB200459DE2 /* TransitionUITests */,
			);
		};
/* End PBXProject section */

/* Begin PBXResourcesBuildPhase section */
		400886F41CF5CDB200459DE2 /* Resources */ = {
			isa = PBXResourcesBuildPhase;
			buildActionMask = 2147483647;
			files = (
				400887091CF5CDB200459DE2 /* LaunchScreen.storyboard in Resources */,
				40F969A31CF67FF100772EE0 /* mojiezuo.jpg in Resources */,
				400887331CF5CEBF00459DE2 /* wuyanzu.jpg in Resources */,
				400887061CF5CDB200459DE2 /* Assets.xcassets in Resources */,
				400887041CF5CDB200459DE2 /* Main.storyboard in Resources */,
			);
			runOnlyForDeploymentPostprocessing = 0;
		};
		4008870D1CF5CDB200459DE2 /* Resources */ = {
			isa = PBXResourcesBuildPhase;
			buildActionMask = 2147483647;
			files = (
			);
			runOnlyForDeploymentPostprocessing = 0;
		};
		400887181CF5CDB200459DE2 /* Resources */ = {
			isa = PBXResourcesBuildPhase;
			buildActionMask = 2147483647;
			files = (
			);
			runOnlyForDeploymentPostprocessing = 0;
		};
/* End PBXResourcesBuildPhase section */

/* Begin PBXSourcesBuildPhase section */
		400886F21CF5CDB200459DE2 /* Sources */ = {
			isa = PBXSourcesBuildPhase;
			buildActionMask = 2147483647;
			files = (
				40F969B01CF6807100772EE0 /* QQViewController.m in Sources */,
				400887391CF5E25400459DE2 /* PopTransiton.m in Sources */,
				40F969B11CF6807100772EE0 /* QQSecondViewController.m in Sources */,
				25245BD11CF7402D00AECF2D /* HZTransitionViewController.m in Sources */,
				40F969B41CF682C100772EE0 /* ListTableViewController.m in Sources */,
				25245BF41CF740D900AECF2D /* UIImageView+HZResponse.m in Sources */,
				4008872E1CF5CDDA00459DE2 /* SeccondViewController.m in Sources */,
				400887011CF5CDB200459DE2 /* ViewController.m in Sources */,
				25245BF51CF740D900AECF2D /* UILabel+HZExtension.m in Sources */,
				25245BFE1CF7468700AECF2D /* HZSecondViewController.m in Sources */,
				25245C021CF74B4A00AECF2D /* HZTransitionFromFirstToSecond.m in Sources */,
				25245BF31CF740D900AECF2D /* UIColor+HZExtension.m in Sources */,
				25245BF71CF740D900AECF2D /* UIView+Extension.m in Sources */,
				40F969B71CF729F500772EE0 /* PushTransitionTest.m in Sources */,
				25245BF81CF740D900AECF2D /* UIView+HZBadgeView.m in Sources */,
				25245BF21CF740D900AECF2D /* UIButton+ZZButton.m in Sources */,
				25245BF61CF740D900AECF2D /* LKBadgeView.m in Sources */,
				40F969AA1CF6804400772EE0 /* TransitionFromSecondToFirst.m in Sources */,
				25245C051CF74DC500AECF2D /* HZTransitionFromSecondToFirst.m in Sources */,
				25245BFB1CF740D900AECF2D /* UIViewController+Swizzled.m in Sources */,
				25245BF11CF740D900AECF2D /* UIButton+HZAlignment.m in Sources */,
				400886FE1CF5CDB200459DE2 /* AppDelegate.m in Sources */,
				400887311CF5CE0100459DE2 /* PushTransition.m in Sources */,
				40F969AB1CF6804400772EE0 /* TransitionFromFirstToSecond.m in Sources */,
				400886FB1CF5CDB200459DE2 /* main.m in Sources */,
			);
			runOnlyForDeploymentPostprocessing = 0;
		};
		4008870B1CF5CDB200459DE2 /* Sources */ = {
			isa = PBXSourcesBuildPhase;
			buildActionMask = 2147483647;
			files = (
				400887141CF5CDB200459DE2 /* TransitionTests.m in Sources */,
			);
			runOnlyForDeploymentPostprocessing = 0;
		};
		400887161CF5CDB200459DE2 /* Sources */ = {
			isa = PBXSourcesBuildPhase;
			buildActionMask = 2147483647;
			files = (
				4008871F1CF5CDB200459DE2 /* TransitionUITests.m in Sources */,
			);
			runOnlyForDeploymentPostprocessing = 0;
		};
/* End PBXSourcesBuildPhase section */

/* Begin PBXTargetDependency section */
		400887111CF5CDB200459DE2 /* PBXTargetDependency */ = {
			isa = PBXTargetDependency;
			target = 400886F51CF5CDB200459DE2 /* Transition */;
			targetProxy = 400887101CF5CDB200459DE2 /* PBXContainerItemProxy */;
		};
		4008871C1CF5CDB200459DE2 /* PBXTargetDependency */ = {
			isa = PBXTargetDependency;
			target = 400886F51CF5CDB200459DE2 /* Transition */;
			targetProxy = 4008871B1CF5CDB200459DE2 /* PBXContainerItemProxy */;
		};
/* End PBXTargetDependency section */

/* Begin PBXVariantGroup section */
		400887021CF5CDB200459DE2 /* Main.storyboard */ = {
			isa = PBXVariantGroup;
			children = (
				400887031CF5CDB200459DE2 /* Base */,
			);
			name = Main.storyboard;
			sourceTree = "<group>";
		};
		400887071CF5CDB200459DE2 /* LaunchScreen.storyboard */ = {
			isa = PBXVariantGroup;
			children = (
				400887081CF5CDB200459DE2 /* Base */,
			);
			name = LaunchScreen.storyboard;
			sourceTree = "<group>";
		};
/* End PBXVariantGroup section */

/* Begin XCBuildConfiguration section */
		400887211CF5CDB200459DE2 /* Debug */ = {
			isa = XCBuildConfiguration;
			buildSettings = {
				ALWAYS_SEARCH_USER_PATHS = NO;
				CLANG_ANALYZER_NONNULL = YES;
				CLANG_CXX_LANGUAGE_STANDARD = "gnu++0x";
				CLANG_CXX_LIBRARY = "libc++";
				CLANG_ENABLE_MODULES = YES;
				CLANG_ENABLE_OBJC_ARC = YES;
				CLANG_WARN_BOOL_CONVERSION = YES;
				CLANG_WARN_CONSTANT_CONVERSION = YES;
				CLANG_WARN_DIRECT_OBJC_ISA_USAGE = YES_ERROR;
				CLANG_WARN_EMPTY_BODY = YES;
				CLANG_WARN_ENUM_CONVERSION = YES;
				CLANG_WARN_INFINITE_RECURSION = YES;
				CLANG_WARN_INT_CONVERSION = YES;
				CLANG_WARN_OBJC_ROOT_CLASS = YES_ERROR;
				CLANG_WARN_SUSPICIOUS_MOVE = YES;
				CLANG_WARN_UNREACHABLE_CODE = YES;
				CLANG_WARN__DUPLICATE_METHOD_MATCH = YES;
				"CODE_SIGN_IDENTITY[sdk=iphoneos*]" = "iPhone Developer";
				COPY_PHASE_STRIP = NO;
				DEBUG_INFORMATION_FORMAT = dwarf;
				ENABLE_STRICT_OBJC_MSGSEND = YES;
				ENABLE_TESTABILITY = YES;
				GCC_C_LANGUAGE_STANDARD = gnu99;
				GCC_DYNAMIC_NO_PIC = NO;
				GCC_NO_COMMON_BLOCKS = YES;
				GCC_OPTIMIZATION_LEVEL = 0;
				GCC_PREPROCESSOR_DEFINITIONS = (
					"DEBUG=1",
					"$(inherited)",
				);
				GCC_WARN_64_TO_32_BIT_CONVERSION = YES;
				GCC_WARN_ABOUT_RETURN_TYPE = YES_ERROR;
				GCC_WARN_UNDECLARED_SELECTOR = YES;
				GCC_WARN_UNINITIALIZED_AUTOS = YES_AGGRESSIVE;
				GCC_WARN_UNUSED_FUNCTION = YES;
				GCC_WARN_UNUSED_VARIABLE = YES;
				IPHONEOS_DEPLOYMENT_TARGET = 9.3;
				MTL_ENABLE_DEBUG_INFO = YES;
				ONLY_ACTIVE_ARCH = YES;
				SDKROOT = iphoneos;
				TARGETED_DEVICE_FAMILY = "1,2";
			};
			name = Debug;
		};
		400887221CF5CDB200459DE2 /* Release */ = {
			isa = XCBuildConfiguration;
			buildSettings = {
				ALWAYS_SEARCH_USER_PATHS = NO;
				CLANG_ANALYZER_NONNULL = YES;
				CLANG_CXX_LANGUAGE_STANDARD = "gnu++0x";
				CLANG_CXX_LIBRARY = "libc++";
				CLANG_ENABLE_MODULES = YES;
				CLANG_ENABLE_OBJC_ARC = YES;
				CLANG_WARN_BOOL_CONVERSION = YES;
				CLANG_WARN_CONSTANT_CONVERSION = YES;
				CLANG_WARN_DIRECT_OBJC_ISA_USAGE = YES_ERROR;
				CLANG_WARN_EMPTY_BODY = YES;
				CLANG_WARN_ENUM_CONVERSION = YES;
				CLANG_WARN_INFINITE_RECURSION = YES;
				CLANG_WARN_INT_CONVERSION = YES;
				CLANG_WARN_OBJC_ROOT_CLASS = YES_ERROR;
				CLANG_WARN_SUSPICIOUS_MOVE = YES;
				CLANG_WARN_UNREACHABLE_CODE = YES;
				CLANG_WARN__DUPLICATE_METHOD_MATCH = YES;
				"CODE_SIGN_IDENTITY[sdk=iphoneos*]" = "iPhone Developer";
				COPY_PHASE_STRIP = NO;
				DEBUG_INFORMATION_FORMAT = "dwarf-with-dsym";
				ENABLE_NS_ASSERTIONS = NO;
				ENABLE_STRICT_OBJC_MSGSEND = YES;
				GCC_C_LANGUAGE_STANDARD = gnu99;
				GCC_NO_COMMON_BLOCKS = YES;
				GCC_WARN_64_TO_32_BIT_CONVERSION = YES;
				GCC_WARN_ABOUT_RETURN_TYPE = YES_ERROR;
				GCC_WARN_UNDECLARED_SELECTOR = YES;
				GCC_WARN_UNINITIALIZED_AUTOS = YES_AGGRESSIVE;
				GCC_WARN_UNUSED_FUNCTION = YES;
				GCC_WARN_UNUSED_VARIABLE = YES;
				IPHONEOS_DEPLOYMENT_TARGET = 9.3;
				MTL_ENABLE_DEBUG_INFO = NO;
				SDKROOT = iphoneos;
				TARGETED_DEVICE_FAMILY = "1,2";
				VALIDATE_PRODUCT = YES;
			};
			name = Release;
		};
		400887241CF5CDB200459DE2 /* Debug */ = {
			isa = XCBuildConfiguration;
			buildSettings = {
				ASSETCATALOG_COMPILER_APPICON_NAME = AppIcon;
				INFOPLIST_FILE = Transition/Info.plist;
				LD_RUNPATH_SEARCH_PATHS = "$(inherited) @executable_path/Frameworks";
				PRODUCT_BUNDLE_IDENTIFIER = com.zangqilong.Transition;
				PRODUCT_NAME = "$(TARGET_NAME)";
			};
			name = Debug;
		};
		400887251CF5CDB200459DE2 /* Release */ = {
			isa = XCBuildConfiguration;
			buildSettings = {
				ASSETCATALOG_COMPILER_APPICON_NAME = AppIcon;
				INFOPLIST_FILE = Transition/Info.plist;
				LD_RUNPATH_SEARCH_PATHS = "$(inherited) @executable_path/Frameworks";
				PRODUCT_BUNDLE_IDENTIFIER = com.zangqilong.Transition;
				PRODUCT_NAME = "$(TARGET_NAME)";
			};
			name = Release;
		};
		400887271CF5CDB200459DE2 /* Debug */ = {
			isa = XCBuildConfiguration;
			buildSettings = {
				BUNDLE_LOADER = "$(TEST_HOST)";
				INFOPLIST_FILE = TransitionTests/Info.plist;
				LD_RUNPATH_SEARCH_PATHS = "$(inherited) @executable_path/Frameworks @loader_path/Frameworks";
				PRODUCT_BUNDLE_IDENTIFIER = com.zangqilong.TransitionTests;
				PRODUCT_NAME = "$(TARGET_NAME)";
				TEST_HOST = "$(BUILT_PRODUCTS_DIR)/Transition.app/Transition";
			};
			name = Debug;
		};
		400887281CF5CDB200459DE2 /* Release */ = {
			isa = XCBuildConfiguration;
			buildSettings = {
				BUNDLE_LOADER = "$(TEST_HOST)";
				INFOPLIST_FILE = TransitionTests/Info.plist;
				LD_RUNPATH_SEARCH_PATHS = "$(inherited) @executable_path/Frameworks @loader_path/Frameworks";
				PRODUCT_BUNDLE_IDENTIFIER = com.zangqilong.TransitionTests;
				PRODUCT_NAME = "$(TARGET_NAME)";
				TEST_HOST = "$(BUILT_PRODUCTS_DIR)/Transition.app/Transition";
			};
			name = Release;
		};
		4008872A1CF5CDB200459DE2 /* Debug */ = {
			isa = XCBuildConfiguration;
			buildSettings = {
				INFOPLIST_FILE = TransitionUITests/Info.plist;
				LD_RUNPATH_SEARCH_PATHS = "$(inherited) @executable_path/Frameworks @loader_path/Frameworks";
				PRODUCT_BUNDLE_IDENTIFIER = com.zangqilong.TransitionUITests;
				PRODUCT_NAME = "$(TARGET_NAME)";
				TEST_TARGET_NAME = Transition;
			};
			name = Debug;
		};
		4008872B1CF5CDB200459DE2 /* Release */ = {
			isa = XCBuildConfiguration;
			buildSettings = {
				INFOPLIST_FILE = TransitionUITests/Info.plist;
				LD_RUNPATH_SEARCH_PATHS = "$(inherited) @executable_path/Frameworks @loader_path/Frameworks";
				PRODUCT_BUNDLE_IDENTIFIER = com.zangqilong.TransitionUITests;
				PRODUCT_NAME = "$(TARGET_NAME)";
				TEST_TARGET_NAME = Transition;
			};
			name = Release;
		};
/* End XCBuildConfiguration section */

/* Begin XCConfigurationList section */
		400886F11CF5CDB200459DE2 /* Build configuration list for PBXProject "Transition" */ = {
			isa = XCConfigurationList;
			buildConfigurations = (
				400887211CF5CDB200459DE2 /* Debug */,
				400887221CF5CDB200459DE2 /* Release */,
			);
			defaultConfigurationIsVisible = 0;
			defaultConfigurationName = Release;
		};
		400887231CF5CDB200459DE2 /* Build configuration list for PBXNativeTarget "Transition" */ = {
			isa = XCConfigurationList;
			buildConfigurations = (
				400887241CF5CDB200459DE2 /* Debug */,
				400887251CF5CDB200459DE2 /* Release */,
			);
			defaultConfigurationIsVisible = 0;
			defaultConfigurationName = Release;
		};
		400887261CF5CDB200459DE2 /* Build configuration list for PBXNativeTarget "TransitionTests" */ = {
			isa = XCConfigurationList;
			buildConfigurations = (
				400887271CF5CDB200459DE2 /* Debug */,
				400887281CF5CDB200459DE2 /* Release */,
			);
			defaultConfigurationIsVisible = 0;
			defaultConfigurationName = Release;
		};
		400887291CF5CDB200459DE2 /* Build configuration list for PBXNativeTarget "TransitionUITests" */ = {
			isa = XCConfigurationList;
			buildConfigurations = (
				4008872A1CF5CDB200459DE2 /* Debug */,
				4008872B1CF5CDB200459DE2 /* Release */,
			);
			defaultConfigurationIsVisible = 0;
			defaultConfigurationName = Release;
		};
/* End XCConfigurationList section */
	};
	rootObject = 400886EE1CF5CDB200459DE2 /* Project object */;
}
